{
  "version": 4,
  "terraform_version": "1.12.0",
  "serial": 70,
  "lineage": "c9b35a2f-45d9-8c86-e36f-eddf90a46dce",
  "outputs": {
    "instance1_public_ip": {
      "value": "35.168.103.72",
      "type": "string"
    },
    "instance2_public_ip": {
      "value": "18.232.254.140",
      "type": "string"
    },
    "linux_private_key_pem_file": {
      "value": "./keys/access_linux.pem",
      "type": "string"
    },
    "route53_private_zone_id": {
      "value": "Z06693818DE2YJ7WA22G",
      "type": "string"
    },
    "s3_bucket_website_endpoint": {
      "value": "www.caiosantos.clc14.foundation.com.br.s3-website-us-east-1.amazonaws.com",
      "type": "string"
    },
    "windows_instance_id": {
      "value": "i-09bffa9525786030a",
      "type": "string"
    },
    "windows_instance_public_ip": {
      "value": "34.228.120.112",
      "type": "string"
    },
    "windows_private_key_pem_file": {
      "value": "./keys/access_windows.pem",
      "type": "string"
    }
  },
  "resources": [
    {
      "mode": "data",
      "type": "aws_vpc",
      "name": "default",
      "provider": "provider[\"registry.terraform.io/hashicorp/aws\"]",
      "instances": [
        {
          "schema_version": 0,
          "attributes": {
            "arn": "arn:aws:ec2:us-east-1:603614923340:vpc/vpc-f9314084",
            "cidr_block": "172.31.0.0/16",
            "cidr_block_associations": [
              {
                "association_id": "vpc-cidr-assoc-a03f7dcf",
                "cidr_block": "172.31.0.0/16",
                "state": "associated"
              }
            ],
            "default": true,
            "dhcp_options_id": "dopt-e2445698",
            "enable_dns_hostnames": true,
            "enable_dns_support": true,
            "enable_network_address_usage_metrics": false,
            "filter": null,
            "id": "vpc-f9314084",
            "instance_tenancy": "default",
            "ipv6_association_id": "",
            "ipv6_cidr_block": "",
            "main_route_table_id": "rtb-50d42821",
            "owner_id": "603614923340",
            "state": null,
            "tags": {},
            "timeouts": null
          },
          "sensitive_attributes": [],
          "identity_schema_version": 0
        }
      ]
    },
    {
      "mode": "managed",
      "type": "aws_eip",
      "name": "eip_1",
      "provider": "provider[\"registry.terraform.io/hashicorp/aws\"]",
      "instances": [
        {
          "schema_version": 0,
          "attributes": {
            "address": null,
            "allocation_id": "eipalloc-0099abcbd9911f257",
            "arn": "arn:aws:ec2:us-east-1:603614923340:elastic-ip/eipalloc-0099abcbd9911f257",
            "associate_with_private_ip": null,
            "association_id": "eipassoc-0cc939dc8abe8716f",
            "carrier_ip": "",
            "customer_owned_ip": "",
            "customer_owned_ipv4_pool": "",
            "domain": "vpc",
            "id": "eipalloc-0099abcbd9911f257",
            "instance": "i-0bfb3efd8aad96da7",
            "ipam_pool_id": null,
            "network_border_group": "us-east-1",
            "network_interface": "eni-069d3562c48bb79ed",
            "private_dns": "ip-172-31-34-91.ec2.internal",
            "private_ip": "172.31.34.91",
            "ptr_record": "",
            "public_dns": "ec2-35-168-103-72.compute-1.amazonaws.com",
            "public_ip": "35.168.103.72",
            "public_ipv4_pool": "amazon",
            "tags": {
              "Name": "webserver-instance-1-eip"
            },
            "tags_all": {
              "Name": "webserver-instance-1-eip"
            },
            "timeouts": null,
            "vpc": true
          },
          "sensitive_attributes": [],
          "identity_schema_version": 0,
          "private": "eyJlMmJmYjczMC1lY2FhLTExZTYtOGY4OC0zNDM2M2JjN2M0YzAiOnsiZGVsZXRlIjoxODAwMDAwMDAwMDAsInJlYWQiOjkwMDAwMDAwMDAwMCwidXBkYXRlIjozMDAwMDAwMDAwMDB9fQ==",
          "dependencies": [
            "aws_instance.webserver_1",
            "aws_key_pair.generated_key",
            "aws_security_group.webserver_sg",
            "data.aws_vpc.default",
            "null_resource.create_keys_dir",
            "tls_private_key.pk"
          ]
        }
      ]
    },
    {
      "mode": "managed",
      "type": "aws_eip",
      "name": "eip_2",
      "provider": "provider[\"registry.terraform.io/hashicorp/aws\"]",
      "instances": [
        {
          "schema_version": 0,
          "attributes": {
            "address": null,
            "allocation_id": "eipalloc-0c0c59b66477008d4",
            "arn": "arn:aws:ec2:us-east-1:603614923340:elastic-ip/eipalloc-0c0c59b66477008d4",
            "associate_with_private_ip": null,
            "association_id": "eipassoc-09372f758757dcbfa",
            "carrier_ip": "",
            "customer_owned_ip": "",
            "customer_owned_ipv4_pool": "",
            "domain": "vpc",
            "id": "eipalloc-0c0c59b66477008d4",
            "instance": "i-0e709fe0ad386fa9f",
            "ipam_pool_id": null,
            "network_border_group": "us-east-1",
            "network_interface": "eni-0330ec1b261349f6b",
            "private_dns": "ip-172-31-33-13.ec2.internal",
            "private_ip": "172.31.33.13",
            "ptr_record": "",
            "public_dns": "ec2-18-232-254-140.compute-1.amazonaws.com",
            "public_ip": "18.232.254.140",
            "public_ipv4_pool": "amazon",
            "tags": {
              "Name": "webserver-instance-2-eip"
            },
            "tags_all": {
              "Name": "webserver-instance-2-eip"
            },
            "timeouts": null,
            "vpc": true
          },
          "sensitive_attributes": [],
          "identity_schema_version": 0,
          "private": "eyJlMmJmYjczMC1lY2FhLTExZTYtOGY4OC0zNDM2M2JjN2M0YzAiOnsiZGVsZXRlIjoxODAwMDAwMDAwMDAsInJlYWQiOjkwMDAwMDAwMDAwMCwidXBkYXRlIjozMDAwMDAwMDAwMDB9fQ==",
          "dependencies": [
            "aws_instance.webserver_2",
            "aws_key_pair.generated_key",
            "aws_security_group.webserver_sg",
            "data.aws_vpc.default",
            "null_resource.create_keys_dir",
            "tls_private_key.pk"
          ]
        }
      ]
    },
    {
      "mode": "managed",
      "type": "aws_eip",
      "name": "eip_windows",
      "provider": "provider[\"registry.terraform.io/hashicorp/aws\"]",
      "instances": [
        {
          "schema_version": 0,
          "attributes": {
            "address": null,
            "allocation_id": "eipalloc-0f3fed714af7c227f",
            "arn": "arn:aws:ec2:us-east-1:603614923340:elastic-ip/eipalloc-0f3fed714af7c227f",
            "associate_with_private_ip": null,
            "association_id": "eipassoc-04f984cc3269bc9d7",
            "carrier_ip": "",
            "customer_owned_ip": "",
            "customer_owned_ipv4_pool": "",
            "domain": "vpc",
            "id": "eipalloc-0f3fed714af7c227f",
            "instance": "i-09bffa9525786030a",
            "ipam_pool_id": null,
            "network_border_group": "us-east-1",
            "network_interface": "eni-06e4c05a219975b7a",
            "private_dns": "ip-172-31-94-236.ec2.internal",
            "private_ip": "172.31.94.236",
            "ptr_record": "",
            "public_dns": "ec2-34-228-120-112.compute-1.amazonaws.com",
            "public_ip": "34.228.120.112",
            "public_ipv4_pool": "amazon",
            "tags": {
              "Name": "windows-server-instance-1-eip"
            },
            "tags_all": {
              "Name": "windows-server-instance-1-eip"
            },
            "timeouts": null,
            "vpc": true
          },
          "sensitive_attributes": [],
          "identity_schema_version": 0,
          "private": "eyJlMmJmYjczMC1lY2FhLTExZTYtOGY4OC0zNDM2M2JjN2M0YzAiOnsiZGVsZXRlIjoxODAwMDAwMDAwMDAsInJlYWQiOjkwMDAwMDAwMDAwMCwidXBkYXRlIjozMDAwMDAwMDAwMDB9fQ==",
          "dependencies": [
            "aws_instance.windows_server_1",
            "aws_key_pair.generated_key_windows",
            "aws_security_group.windows_rdp_sg",
            "data.aws_vpc.default",
            "null_resource.create_keys_dir",
            "tls_private_key.pk_windows"
          ]
        }
      ]
    },
    {
      "mode": "managed",
      "type": "aws_instance",
      "name": "webserver_1",
      "provider": "provider[\"registry.terraform.io/hashicorp/aws\"]",
      "instances": [
        {
          "schema_version": 1,
          "attributes": {
            "ami": "ami-0953476d60561c955",
            "arn": "arn:aws:ec2:us-east-1:603614923340:instance/i-0bfb3efd8aad96da7",
            "associate_public_ip_address": true,
            "availability_zone": "us-east-1b",
            "capacity_reservation_specification": [
              {
                "capacity_reservation_preference": "open",
                "capacity_reservation_target": []
              }
            ],
            "cpu_core_count": 1,
            "cpu_options": [
              {
                "amd_sev_snp": "",
                "core_count": 1,
                "threads_per_core": 2
              }
            ],
            "cpu_threads_per_core": 2,
            "credit_specification": [
              {
                "cpu_credits": "unlimited"
              }
            ],
            "disable_api_stop": false,
            "disable_api_termination": false,
            "ebs_block_device": [],
            "ebs_optimized": false,
            "enable_primary_ipv6": null,
            "enclave_options": [
              {
                "enabled": false
              }
            ],
            "ephemeral_block_device": [],
            "get_password_data": false,
            "hibernation": false,
            "host_id": "",
            "host_resource_group_arn": null,
            "iam_instance_profile": "",
            "id": "i-0bfb3efd8aad96da7",
            "instance_initiated_shutdown_behavior": "stop",
            "instance_lifecycle": "",
            "instance_market_options": [],
            "instance_state": "running",
            "instance_type": "t3.micro",
            "ipv6_address_count": 0,
            "ipv6_addresses": [],
            "key_name": "access_linux",
            "launch_template": [],
            "maintenance_options": [
              {
                "auto_recovery": "default"
              }
            ],
            "metadata_options": [
              {
                "http_endpoint": "enabled",
                "http_protocol_ipv6": "disabled",
                "http_put_response_hop_limit": 2,
                "http_tokens": "required",
                "instance_metadata_tags": "disabled"
              }
            ],
            "monitoring": false,
            "network_interface": [],
            "outpost_arn": "",
            "password_data": "",
            "placement_group": "",
            "placement_partition_number": 0,
            "primary_network_interface_id": "eni-069d3562c48bb79ed",
            "private_dns": "ip-172-31-34-91.ec2.internal",
            "private_dns_name_options": [
              {
                "enable_resource_name_dns_a_record": false,
                "enable_resource_name_dns_aaaa_record": false,
                "hostname_type": "ip-name"
              }
            ],
            "private_ip": "172.31.34.91",
            "public_dns": "ec2-18-212-126-69.compute-1.amazonaws.com",
            "public_ip": "18.212.126.69",
            "root_block_device": [
              {
                "delete_on_termination": true,
                "device_name": "/dev/xvda",
                "encrypted": false,
                "iops": 3000,
                "kms_key_id": "",
                "tags": {},
                "tags_all": {},
                "throughput": 125,
                "volume_id": "vol-0bbd3d27c0c0dc8e6",
                "volume_size": 8,
                "volume_type": "gp3"
              }
            ],
            "secondary_private_ips": [],
            "security_groups": [
              "webserver-instances-sg"
            ],
            "source_dest_check": true,
            "spot_instance_request_id": "",
            "subnet_id": "subnet-e61c3ab9",
            "tags": {
              "Name": "webserver-instance-1"
            },
            "tags_all": {
              "Name": "webserver-instance-1"
            },
            "tenancy": "default",
            "timeouts": null,
            "user_data": "88af3c3acbab9d6c68f234552970495689d1302e",
            "user_data_base64": null,
            "user_data_replace_on_change": false,
            "volume_tags": null,
            "vpc_security_group_ids": [
              "sg-0ec5a30a71e5f3cdb"
            ]
          },
          "sensitive_attributes": [],
          "identity_schema_version": 0,
          "private": "eyJlMmJmYjczMC1lY2FhLTExZTYtOGY4OC0zNDM2M2JjN2M0YzAiOnsiY3JlYXRlIjo2MDAwMDAwMDAwMDAsImRlbGV0ZSI6MTIwMDAwMDAwMDAwMCwicmVhZCI6OTAwMDAwMDAwMDAwLCJ1cGRhdGUiOjYwMDAwMDAwMDAwMH0sInNjaGVtYV92ZXJzaW9uIjoiMSJ9",
          "dependencies": [
            "aws_key_pair.generated_key",
            "aws_security_group.webserver_sg",
            "data.aws_vpc.default",
            "null_resource.create_keys_dir",
            "tls_private_key.pk"
          ]
        }
      ]
    },
    {
      "mode": "managed",
      "type": "aws_instance",
      "name": "webserver_2",
      "provider": "provider[\"registry.terraform.io/hashicorp/aws\"]",
      "instances": [
        {
          "schema_version": 1,
          "attributes": {
            "ami": "ami-0953476d60561c955",
            "arn": "arn:aws:ec2:us-east-1:603614923340:instance/i-0e709fe0ad386fa9f",
            "associate_public_ip_address": true,
            "availability_zone": "us-east-1b",
            "capacity_reservation_specification": [
              {
                "capacity_reservation_preference": "open",
                "capacity_reservation_target": []
              }
            ],
            "cpu_core_count": 1,
            "cpu_options": [
              {
                "amd_sev_snp": "",
                "core_count": 1,
                "threads_per_core": 2
              }
            ],
            "cpu_threads_per_core": 2,
            "credit_specification": [
              {
                "cpu_credits": "unlimited"
              }
            ],
            "disable_api_stop": false,
            "disable_api_termination": false,
            "ebs_block_device": [],
            "ebs_optimized": false,
            "enable_primary_ipv6": null,
            "enclave_options": [
              {
                "enabled": false
              }
            ],
            "ephemeral_block_device": [],
            "get_password_data": false,
            "hibernation": false,
            "host_id": "",
            "host_resource_group_arn": null,
            "iam_instance_profile": "",
            "id": "i-0e709fe0ad386fa9f",
            "instance_initiated_shutdown_behavior": "stop",
            "instance_lifecycle": "",
            "instance_market_options": [],
            "instance_state": "running",
            "instance_type": "t3.micro",
            "ipv6_address_count": 0,
            "ipv6_addresses": [],
            "key_name": "access_linux",
            "launch_template": [],
            "maintenance_options": [
              {
                "auto_recovery": "default"
              }
            ],
            "metadata_options": [
              {
                "http_endpoint": "enabled",
                "http_protocol_ipv6": "disabled",
                "http_put_response_hop_limit": 2,
                "http_tokens": "required",
                "instance_metadata_tags": "disabled"
              }
            ],
            "monitoring": false,
            "network_interface": [],
            "outpost_arn": "",
            "password_data": "",
            "placement_group": "",
            "placement_partition_number": 0,
            "primary_network_interface_id": "eni-0330ec1b261349f6b",
            "private_dns": "ip-172-31-33-13.ec2.internal",
            "private_dns_name_options": [
              {
                "enable_resource_name_dns_a_record": false,
                "enable_resource_name_dns_aaaa_record": false,
                "hostname_type": "ip-name"
              }
            ],
            "private_ip": "172.31.33.13",
            "public_dns": "ec2-13-218-154-228.compute-1.amazonaws.com",
            "public_ip": "13.218.154.228",
            "root_block_device": [
              {
                "delete_on_termination": true,
                "device_name": "/dev/xvda",
                "encrypted": false,
                "iops": 3000,
                "kms_key_id": "",
                "tags": {},
                "tags_all": {},
                "throughput": 125,
                "volume_id": "vol-03dadd93c606e9bcd",
                "volume_size": 8,
                "volume_type": "gp3"
              }
            ],
            "secondary_private_ips": [],
            "security_groups": [
              "webserver-instances-sg"
            ],
            "source_dest_check": true,
            "spot_instance_request_id": "",
            "subnet_id": "subnet-e61c3ab9",
            "tags": {
              "Name": "webserver-instance-2"
            },
            "tags_all": {
              "Name": "webserver-instance-2"
            },
            "tenancy": "default",
            "timeouts": null,
            "user_data": "d6ef5aa44a657d342d7ceb6afb34290f1028f94e",
            "user_data_base64": null,
            "user_data_replace_on_change": false,
            "volume_tags": null,
            "vpc_security_group_ids": [
              "sg-0ec5a30a71e5f3cdb"
            ]
          },
          "sensitive_attributes": [],
          "identity_schema_version": 0,
          "private": "eyJlMmJmYjczMC1lY2FhLTExZTYtOGY4OC0zNDM2M2JjN2M0YzAiOnsiY3JlYXRlIjo2MDAwMDAwMDAwMDAsImRlbGV0ZSI6MTIwMDAwMDAwMDAwMCwicmVhZCI6OTAwMDAwMDAwMDAwLCJ1cGRhdGUiOjYwMDAwMDAwMDAwMH0sInNjaGVtYV92ZXJzaW9uIjoiMSJ9",
          "dependencies": [
            "aws_key_pair.generated_key",
            "aws_security_group.webserver_sg",
            "data.aws_vpc.default",
            "null_resource.create_keys_dir",
            "tls_private_key.pk"
          ]
        }
      ]
    },
    {
      "mode": "managed",
      "type": "aws_instance",
      "name": "windows_server_1",
      "provider": "provider[\"registry.terraform.io/hashicorp/aws\"]",
      "instances": [
        {
          "schema_version": 1,
          "attributes": {
            "ami": "ami-0fa71268a899c2733",
            "arn": "arn:aws:ec2:us-east-1:603614923340:instance/i-09bffa9525786030a",
            "associate_public_ip_address": true,
            "availability_zone": "us-east-1d",
            "capacity_reservation_specification": [
              {
                "capacity_reservation_preference": "open",
                "capacity_reservation_target": []
              }
            ],
            "cpu_core_count": 1,
            "cpu_options": [
              {
                "amd_sev_snp": "",
                "core_count": 1,
                "threads_per_core": 2
              }
            ],
            "cpu_threads_per_core": 2,
            "credit_specification": [
              {
                "cpu_credits": "unlimited"
              }
            ],
            "disable_api_stop": false,
            "disable_api_termination": false,
            "ebs_block_device": [],
            "ebs_optimized": false,
            "enable_primary_ipv6": null,
            "enclave_options": [
              {
                "enabled": false
              }
            ],
            "ephemeral_block_device": [],
            "get_password_data": false,
            "hibernation": false,
            "host_id": "",
            "host_resource_group_arn": null,
            "iam_instance_profile": "",
            "id": "i-09bffa9525786030a",
            "instance_initiated_shutdown_behavior": "stop",
            "instance_lifecycle": "",
            "instance_market_options": [],
            "instance_state": "running",
            "instance_type": "t3.medium",
            "ipv6_address_count": 0,
            "ipv6_addresses": [],
            "key_name": "access_windows",
            "launch_template": [],
            "maintenance_options": [
              {
                "auto_recovery": "default"
              }
            ],
            "metadata_options": [
              {
                "http_endpoint": "enabled",
                "http_protocol_ipv6": "disabled",
                "http_put_response_hop_limit": 2,
                "http_tokens": "required",
                "instance_metadata_tags": "disabled"
              }
            ],
            "monitoring": false,
            "network_interface": [],
            "outpost_arn": "",
            "password_data": "",
            "placement_group": "",
            "placement_partition_number": 0,
            "primary_network_interface_id": "eni-06e4c05a219975b7a",
            "private_dns": "ip-172-31-94-236.ec2.internal",
            "private_dns_name_options": [
              {
                "enable_resource_name_dns_a_record": false,
                "enable_resource_name_dns_aaaa_record": false,
                "hostname_type": "ip-name"
              }
            ],
            "private_ip": "172.31.94.236",
            "public_dns": "ec2-44-203-140-39.compute-1.amazonaws.com",
            "public_ip": "44.203.140.39",
            "root_block_device": [
              {
                "delete_on_termination": true,
                "device_name": "/dev/sda1",
                "encrypted": false,
                "iops": 3000,
                "kms_key_id": "",
                "tags": {},
                "tags_all": {},
                "throughput": 125,
                "volume_id": "vol-0388a311903932528",
                "volume_size": 30,
                "volume_type": "gp3"
              }
            ],
            "secondary_private_ips": [],
            "security_groups": [
              "windows-rdp-sg"
            ],
            "source_dest_check": true,
            "spot_instance_request_id": "",
            "subnet_id": "subnet-4699b967",
            "tags": {
              "Name": "windows-server-instance-1"
            },
            "tags_all": {
              "Name": "windows-server-instance-1"
            },
            "tenancy": "default",
            "timeouts": null,
            "user_data": null,
            "user_data_base64": null,
            "user_data_replace_on_change": false,
            "volume_tags": null,
            "vpc_security_group_ids": [
              "sg-0a79fd262671a9fca"
            ]
          },
          "sensitive_attributes": [],
          "identity_schema_version": 0,
          "private": "eyJlMmJmYjczMC1lY2FhLTExZTYtOGY4OC0zNDM2M2JjN2M0YzAiOnsiY3JlYXRlIjo2MDAwMDAwMDAwMDAsImRlbGV0ZSI6MTIwMDAwMDAwMDAwMCwicmVhZCI6OTAwMDAwMDAwMDAwLCJ1cGRhdGUiOjYwMDAwMDAwMDAwMH0sInNjaGVtYV92ZXJzaW9uIjoiMSJ9",
          "dependencies": [
            "aws_key_pair.generated_key_windows",
            "aws_security_group.windows_rdp_sg",
            "data.aws_vpc.default",
            "null_resource.create_keys_dir",
            "tls_private_key.pk_windows"
          ]
        }
      ]
    },
    {
      "mode": "managed",
      "type": "aws_key_pair",
      "name": "generated_key",
      "provider": "provider[\"registry.terraform.io/hashicorp/aws\"]",
      "instances": [
        {
          "schema_version": 1,
          "attributes": {
            "arn": "arn:aws:ec2:us-east-1:603614923340:key-pair/access_linux",
            "fingerprint": "89:db:88:e3:a4:46:e2:3f:07:d8:82:65:f5:0e:77:28",
            "id": "access_linux",
            "key_name": "access_linux",
            "key_name_prefix": "",
            "key_pair_id": "key-0f556db46dac71d7b",
            "key_type": "rsa",
            "public_key": "ssh-rsa AAAAB3NzaC1yc2EAAAADAQABAAACAQC+p73iUqCIIEOUTqWhqgbRVZOd8TDVToh2o4KNBMH0F2sS8khbhxwRM3QjC3+4H+9uVZbm2PQoBvDCV38pYb0FRuZrZ5eKRWkqi6L9U3Reg6UZeSloqr0XP5ZRHS9DuFvk7VPSMhn4u3KT6Hf6ytWFOjMLT+hGBUB6n4RlkLLtOfzzYepO12+2OaVcLGXpkq/r0TNxkoK59Dercg1ofPkaLQWJzF+Pc1scu1lTU9lovB1IkKuDhqjuMiu6rSryHyDIr0qHnfr+M/f5cD68be5VB2EU7MujjWnd0KD7d9AF+voVsVlYCGkAjz3oFGqI6oj1+2U8opSHHzxaCmOpnMWkRRsIUzPRgo/NhlV7ivO/u3xRsYVELL1oemZ4tU3s6ce+/DZUtpTsXojhImP4WMXf6aF8biILE6jB7n6L4mPgBT3YRKzzUgIXdOP+OdY3rJS5Fu9Mt/WlDgZAtGTGOVCrs8FoQE7fj4zshhogfJuAm4VMWGP/P8EQ05830AZV6xM50kWisX9YM4eOwtonSW4/O3tHrLc3UwLW11ZWBeRQB1isX9EvCkpoRlTqp5oZKGsAs4rRfYANJ6qrEikeDjHsCYdKesoGCLaFC0AYqZAsE3Tc0QZIZgOZnO0dtiw698pFuSlB3lr6GWy8Vrm7l2hyrKWwI6jqY/dmhybJjsDyBw==",
            "tags": null,
            "tags_all": {}
          },
          "sensitive_attributes": [],
          "identity_schema_version": 0,
          "private": "eyJzY2hlbWFfdmVyc2lvbiI6IjEifQ==",
          "dependencies": [
            "null_resource.create_keys_dir",
            "tls_private_key.pk"
          ]
        }
      ]
    },
    {
      "mode": "managed",
      "type": "aws_key_pair",
      "name": "generated_key_windows",
      "provider": "provider[\"registry.terraform.io/hashicorp/aws\"]",
      "instances": [
        {
          "schema_version": 1,
          "attributes": {
            "arn": "arn:aws:ec2:us-east-1:603614923340:key-pair/access_windows",
            "fingerprint": "33:8f:d0:dc:79:28:7c:fa:ae:4b:7c:77:fd:3f:ce:da",
            "id": "access_windows",
            "key_name": "access_windows",
            "key_name_prefix": "",
            "key_pair_id": "key-0f2e7dc46389f394f",
            "key_type": "rsa",
            "public_key": "ssh-rsa AAAAB3NzaC1yc2EAAAADAQABAAACAQDh34Fn0+eUZOjlvZX1fg5NoA8Lr/GbLNxu68as+0Bie6dQRrVYpyGdKJHjumQRWTyEcjaKdBSGE3MUHSLpnZthDMsJuHhwTlYNi2A58e3eHZRKGBYp56aZ7rZNZgyJeQApaxq5k5kXTi9k6v4MEvqnS7eBOq2ND1rj0U3ZyZj9qMMWp9RqRdTRPEF9imhseiYzS3DsQXmQtLgLLiW/xgMH10FJ7WMxSu75G5cnR9jvsu84v3g6G4zHlJL/3g9wuh0zzwnLWvf7y0lksfBd0cpIIfYEpYNkj9haKB/BPcjqOkBOdFhf3MqU7j9EKAsuuvBFpoAjySxlX5eHFbOAQdF24Yuk7W2/eowCVARqQZ6PFFJTRJYoYtS4x9xRy5s+6L4nSvM3q+WNl4HyROUTGr6XVPgJILwLUGGn75m8XrwFaVEd7OF1q5GNMua08nnWHcSbh/DazNOI/E8h5qMWOREtApv9rnJIWB7Su3Y9gNGgTORmnVpMALp73P5/90g7Een7xZPVY6DBK5Hjarhkcjw7WmBLBIPjWA8JxuAQSIWmdiC1e/bm+dB2SYH9nl5zldBUxsqjXsv+QrP+GUilaOX0v+CTwR5BCu8iJs6zTEoAhy40ybYENk6Uwj/MKNOH+v/Yl8JCLs7A0aZrAQ6uR9S/fqsVymTEnFaPlLqHRSl93Q==",
            "tags": {},
            "tags_all": {}
          },
          "sensitive_attributes": [],
          "identity_schema_version": 0,
          "private": "eyJzY2hlbWFfdmVyc2lvbiI6IjEifQ==",
          "dependencies": [
            "null_resource.create_keys_dir",
            "tls_private_key.pk_windows"
          ]
        }
      ]
    },
    {
      "mode": "managed",
      "type": "aws_route53_health_check",
      "name": "webserver_hc",
      "provider": "provider[\"registry.terraform.io/hashicorp/aws\"]",
      "instances": [
        {
          "schema_version": 0,
          "attributes": {
            "arn": "arn:aws:route53:::healthcheck/7754eb61-ee71-4702-93ec-060e23085277",
            "child_health_threshold": 0,
            "child_healthchecks": null,
            "cloudwatch_alarm_name": null,
            "cloudwatch_alarm_region": null,
            "disabled": false,
            "enable_sni": false,
            "failure_threshold": 3,
            "fqdn": "",
            "id": "7754eb61-ee71-4702-93ec-060e23085277",
            "insufficient_data_health_status": "",
            "invert_healthcheck": false,
            "ip_address": "35.168.103.72",
            "measure_latency": false,
            "port": 80,
            "reference_name": null,
            "regions": null,
            "request_interval": 10,
            "resource_path": "/",
            "routing_control_arn": "",
            "search_string": "",
            "tags": {
              "Name": "webserver-hc"
            },
            "tags_all": {
              "Name": "webserver-hc"
            },
            "triggers": {},
            "type": "HTTP"
          },
          "sensitive_attributes": [],
          "identity_schema_version": 0,
          "private": "bnVsbA==",
          "dependencies": [
            "aws_eip.eip_1",
            "aws_instance.webserver_1",
            "aws_key_pair.generated_key",
            "aws_security_group.webserver_sg",
            "data.aws_vpc.default",
            "null_resource.create_keys_dir",
            "tls_private_key.pk"
          ]
        }
      ]
    },
    {
      "mode": "managed",
      "type": "aws_route53_record",
      "name": "www_primary",
      "provider": "provider[\"registry.terraform.io/hashicorp/aws\"]",
      "instances": [
        {
          "schema_version": 2,
          "attributes": {
            "alias": [],
            "allow_overwrite": null,
            "cidr_routing_policy": [],
            "failover_routing_policy": [
              {
                "type": "PRIMARY"
              }
            ],
            "fqdn": "www.caiosantos.clc14.foundation.com.br",
            "geolocation_routing_policy": [],
            "geoproximity_routing_policy": [],
            "health_check_id": "7754eb61-ee71-4702-93ec-060e23085277",
            "id": "Z06693818DE2YJ7WA22G_www.caiosantos.clc14.foundation.com.br_A_webserver-1-primary",
            "latency_routing_policy": [],
            "multivalue_answer_routing_policy": false,
            "name": "www.caiosantos.clc14.foundation.com.br",
            "records": [
              "35.168.103.72"
            ],
            "set_identifier": "webserver-1-primary",
            "timeouts": null,
            "ttl": 60,
            "type": "A",
            "weighted_routing_policy": [],
            "zone_id": "Z06693818DE2YJ7WA22G"
          },
          "sensitive_attributes": [],
          "identity_schema_version": 0,
          "private": "eyJlMmJmYjczMC1lY2FhLTExZTYtOGY4OC0zNDM2M2JjN2M0YzAiOnsiY3JlYXRlIjoxODAwMDAwMDAwMDAwLCJkZWxldGUiOjE4MDAwMDAwMDAwMDAsInVwZGF0ZSI6MTgwMDAwMDAwMDAwMH0sInNjaGVtYV92ZXJzaW9uIjoiMiJ9",
          "dependencies": [
            "aws_eip.eip_1",
            "aws_instance.webserver_1",
            "aws_key_pair.generated_key",
            "aws_route53_health_check.webserver_hc",
            "aws_route53_zone.private_zone",
            "aws_security_group.webserver_sg",
            "data.aws_vpc.default",
            "null_resource.create_keys_dir",
            "tls_private_key.pk"
          ]
        }
      ]
    },
    {
      "mode": "managed",
      "type": "aws_route53_record",
      "name": "www_secondary",
      "provider": "provider[\"registry.terraform.io/hashicorp/aws\"]",
      "instances": [
        {
          "schema_version": 2,
          "attributes": {
            "alias": [
              {
                "evaluate_target_health": false,
                "name": "www.caiosantos.clc14.foundation.com.br.s3-website-us-east-1.amazonaws.com",
                "zone_id": "Z3AQBSTGFYJSTF"
              }
            ],
            "allow_overwrite": null,
            "cidr_routing_policy": [],
            "failover_routing_policy": [
              {
                "type": "SECONDARY"
              }
            ],
            "fqdn": "www.caiosantos.clc14.foundation.com.br",
            "geolocation_routing_policy": [],
            "geoproximity_routing_policy": [],
            "health_check_id": "",
            "id": "Z06693818DE2YJ7WA22G_www.caiosantos.clc14.foundation.com.br_A_s3-website-secondary",
            "latency_routing_policy": [],
            "multivalue_answer_routing_policy": false,
            "name": "www.caiosantos.clc14.foundation.com.br",
            "records": [],
            "set_identifier": "s3-website-secondary",
            "timeouts": null,
            "ttl": 0,
            "type": "A",
            "weighted_routing_policy": [],
            "zone_id": "Z06693818DE2YJ7WA22G"
          },
          "sensitive_attributes": [],
          "identity_schema_version": 0,
          "private": "eyJlMmJmYjczMC1lY2FhLTExZTYtOGY4OC0zNDM2M2JjN2M0YzAiOnsiY3JlYXRlIjoxODAwMDAwMDAwMDAwLCJkZWxldGUiOjE4MDAwMDAwMDAwMDAsInVwZGF0ZSI6MTgwMDAwMDAwMDAwMH0sInNjaGVtYV92ZXJzaW9uIjoiMiJ9",
          "dependencies": [
            "aws_route53_zone.private_zone",
            "aws_s3_bucket.website_bucket",
            "aws_s3_bucket_website_configuration.website_config",
            "data.aws_vpc.default"
          ]
        }
      ]
    },
    {
      "mode": "managed",
      "type": "aws_route53_zone",
      "name": "private_zone",
      "provider": "provider[\"registry.terraform.io/hashicorp/aws\"]",
      "instances": [
        {
          "schema_version": 0,
          "attributes": {
            "arn": "arn:aws:route53:::hostedzone/Z06693818DE2YJ7WA22G",
            "comment": "Managed by Terraform",
            "delegation_set_id": "",
            "force_destroy": false,
            "id": "Z06693818DE2YJ7WA22G",
            "name": "caiosantos.clc14.foundation.com.br",
            "name_servers": [
              "ns-0.awsdns-00.com.",
              "ns-1024.awsdns-00.org.",
              "ns-1536.awsdns-00.co.uk.",
              "ns-512.awsdns-00.net."
            ],
            "primary_name_server": "ns-0.awsdns-00.com.",
            "tags": {
              "Name": "caiosantos.clc14.foundation.com.br-private-zone"
            },
            "tags_all": {
              "Name": "caiosantos.clc14.foundation.com.br-private-zone"
            },
            "timeouts": null,
            "vpc": [
              {
                "vpc_id": "vpc-f9314084",
                "vpc_region": "us-east-1"
              }
            ],
            "zone_id": "Z06693818DE2YJ7WA22G"
          },
          "sensitive_attributes": [],
          "identity_schema_version": 0,
          "private": "eyJlMmJmYjczMC1lY2FhLTExZTYtOGY4OC0zNDM2M2JjN2M0YzAiOnsiY3JlYXRlIjoxODAwMDAwMDAwMDAwLCJkZWxldGUiOjE4MDAwMDAwMDAwMDAsInVwZGF0ZSI6MTgwMDAwMDAwMDAwMH19",
          "dependencies": [
            "data.aws_vpc.default"
          ]
        }
      ]
    },
    {
      "mode": "managed",
      "type": "aws_s3_bucket",
      "name": "website_bucket",
      "provider": "provider[\"registry.terraform.io/hashicorp/aws\"]",
      "instances": [
        {
          "schema_version": 0,
          "attributes": {
            "acceleration_status": "",
            "acl": null,
            "arn": "arn:aws:s3:::www.caiosantos.clc14.foundation.com.br",
            "bucket": "www.caiosantos.clc14.foundation.com.br",
            "bucket_domain_name": "www.caiosantos.clc14.foundation.com.br.s3.amazonaws.com",
            "bucket_prefix": "",
            "bucket_regional_domain_name": "www.caiosantos.clc14.foundation.com.br.s3.us-east-1.amazonaws.com",
            "cors_rule": [],
            "force_destroy": false,
            "grant": [
              {
                "id": "297fcd19d39f269eb198c950722b71a93c04d2b4ca84bce2def7ad178b15b9f1",
                "permissions": [
                  "FULL_CONTROL"
                ],
                "type": "CanonicalUser",
                "uri": ""
              }
            ],
            "hosted_zone_id": "Z3AQBSTGFYJSTF",
            "id": "www.caiosantos.clc14.foundation.com.br",
            "lifecycle_rule": [],
            "logging": [],
            "object_lock_configuration": [],
            "object_lock_enabled": false,
            "policy": "{\"Statement\":[{\"Action\":\"s3:GetObject\",\"Effect\":\"Allow\",\"Principal\":\"*\",\"Resource\":\"arn:aws:s3:::www.caiosantos.clc14.foundation.com.br/*\",\"Sid\":\"PublicReadGetObject\"}],\"Version\":\"2012-10-17\"}",
            "region": "us-east-1",
            "replication_configuration": [],
            "request_payer": "BucketOwner",
            "server_side_encryption_configuration": [
              {
                "rule": [
                  {
                    "apply_server_side_encryption_by_default": [
                      {
                        "kms_master_key_id": "",
                        "sse_algorithm": "AES256"
                      }
                    ],
                    "bucket_key_enabled": false
                  }
                ]
              }
            ],
            "tags": {},
            "tags_all": {},
            "timeouts": null,
            "versioning": [
              {
                "enabled": false,
                "mfa_delete": false
              }
            ],
            "website": [
              {
                "error_document": "",
                "index_document": "index.html",
                "redirect_all_requests_to": "",
                "routing_rules": ""
              }
            ],
            "website_domain": "s3-website-us-east-1.amazonaws.com",
            "website_endpoint": "www.caiosantos.clc14.foundation.com.br.s3-website-us-east-1.amazonaws.com"
          },
          "sensitive_attributes": [],
          "identity_schema_version": 0,
          "private": "eyJlMmJmYjczMC1lY2FhLTExZTYtOGY4OC0zNDM2M2JjN2M0YzAiOnsiY3JlYXRlIjoxMjAwMDAwMDAwMDAwLCJkZWxldGUiOjM2MDAwMDAwMDAwMDAsInJlYWQiOjEyMDAwMDAwMDAwMDAsInVwZGF0ZSI6MTIwMDAwMDAwMDAwMH19"
        }
      ]
    },
    {
      "mode": "managed",
      "type": "aws_s3_bucket_ownership_controls",
      "name": "website_bucket_ownership",
      "provider": "provider[\"registry.terraform.io/hashicorp/aws\"]",
      "instances": [
        {
          "schema_version": 0,
          "attributes": {
            "bucket": "www.caiosantos.clc14.foundation.com.br",
            "id": "www.caiosantos.clc14.foundation.com.br",
            "rule": [
              {
                "object_ownership": "BucketOwnerEnforced"
              }
            ]
          },
          "sensitive_attributes": [],
          "identity_schema_version": 0,
          "private": "bnVsbA==",
          "dependencies": [
            "aws_s3_bucket.website_bucket"
          ]
        }
      ]
    },
    {
      "mode": "managed",
      "type": "aws_s3_bucket_policy",
      "name": "website_bucket_policy",
      "provider": "provider[\"registry.terraform.io/hashicorp/aws\"]",
      "instances": [
        {
          "schema_version": 0,
          "attributes": {
            "bucket": "www.caiosantos.clc14.foundation.com.br",
            "id": "www.caiosantos.clc14.foundation.com.br",
            "policy": "{\"Statement\":[{\"Action\":\"s3:GetObject\",\"Effect\":\"Allow\",\"Principal\":\"*\",\"Resource\":\"arn:aws:s3:::www.caiosantos.clc14.foundation.com.br/*\",\"Sid\":\"PublicReadGetObject\"}],\"Version\":\"2012-10-17\"}"
          },
          "sensitive_attributes": [],
          "identity_schema_version": 0,
          "private": "bnVsbA==",
          "dependencies": [
            "aws_s3_bucket.website_bucket",
            "aws_s3_bucket_ownership_controls.website_bucket_ownership",
            "aws_s3_bucket_public_access_block.website_bucket_access"
          ]
        }
      ]
    },
    {
      "mode": "managed",
      "type": "aws_s3_bucket_public_access_block",
      "name": "website_bucket_access",
      "provider": "provider[\"registry.terraform.io/hashicorp/aws\"]",
      "instances": [
        {
          "schema_version": 0,
          "attributes": {
            "block_public_acls": true,
            "block_public_policy": false,
            "bucket": "www.caiosantos.clc14.foundation.com.br",
            "id": "www.caiosantos.clc14.foundation.com.br",
            "ignore_public_acls": true,
            "restrict_public_buckets": false
          },
          "sensitive_attributes": [],
          "identity_schema_version": 0,
          "private": "bnVsbA==",
          "dependencies": [
            "aws_s3_bucket.website_bucket",
            "aws_s3_bucket_ownership_controls.website_bucket_ownership"
          ]
        }
      ]
    },
    {
      "mode": "managed",
      "type": "aws_s3_bucket_website_configuration",
      "name": "website_config",
      "provider": "provider[\"registry.terraform.io/hashicorp/aws\"]",
      "instances": [
        {
          "schema_version": 0,
          "attributes": {
            "bucket": "www.caiosantos.clc14.foundation.com.br",
            "error_document": [],
            "expected_bucket_owner": "",
            "id": "www.caiosantos.clc14.foundation.com.br",
            "index_document": [
              {
                "suffix": "index.html"
              }
            ],
            "redirect_all_requests_to": [],
            "routing_rule": [],
            "routing_rules": "",
            "website_domain": "s3-website-us-east-1.amazonaws.com",
            "website_endpoint": "www.caiosantos.clc14.foundation.com.br.s3-website-us-east-1.amazonaws.com"
          },
          "sensitive_attributes": [],
          "identity_schema_version": 0,
          "private": "bnVsbA==",
          "dependencies": [
            "aws_s3_bucket.website_bucket"
          ]
        }
      ]
    },
    {
      "mode": "managed",
      "type": "aws_s3_object",
      "name": "index_html",
      "provider": "provider[\"registry.terraform.io/hashicorp/aws\"]",
      "instances": [
        {
          "schema_version": 0,
          "attributes": {
            "acl": null,
            "arn": "arn:aws:s3:::www.caiosantos.clc14.foundation.com.br/index.html",
            "bucket": "www.caiosantos.clc14.foundation.com.br",
            "bucket_key_enabled": false,
            "cache_control": "",
            "checksum_algorithm": null,
            "checksum_crc32": "",
            "checksum_crc32c": "",
            "checksum_crc64nvme": "",
            "checksum_sha1": "",
            "checksum_sha256": "",
            "content": null,
            "content_base64": null,
            "content_disposition": "",
            "content_encoding": "",
            "content_language": "",
            "content_type": "text/html",
            "etag": "a8799430ceb3cfb46f09d76614d1114c",
            "force_destroy": false,
            "id": "index.html",
            "key": "index.html",
            "kms_key_id": null,
            "metadata": {},
            "object_lock_legal_hold_status": "",
            "object_lock_mode": "",
            "object_lock_retain_until_date": "",
            "override_provider": [],
            "server_side_encryption": "AES256",
            "source": "./index.html",
            "source_hash": null,
            "storage_class": "STANDARD",
            "tags": {},
            "tags_all": {},
            "version_id": "",
            "website_redirect": ""
          },
          "sensitive_attributes": [],
          "identity_schema_version": 0,
          "private": "bnVsbA==",
          "dependencies": [
            "aws_s3_bucket.website_bucket"
          ]
        }
      ]
    },
    {
      "mode": "managed",
      "type": "aws_security_group",
      "name": "webserver_sg",
      "provider": "provider[\"registry.terraform.io/hashicorp/aws\"]",
      "instances": [
        {
          "schema_version": 1,
          "attributes": {
            "arn": "arn:aws:ec2:us-east-1:603614923340:security-group/sg-0ec5a30a71e5f3cdb",
            "description": "Allow SSH and HTTP inbound traffic",
            "egress": [
              {
                "cidr_blocks": [
                  "0.0.0.0/0"
                ],
                "description": "",
                "from_port": 0,
                "ipv6_cidr_blocks": [],
                "prefix_list_ids": [],
                "protocol": "-1",
                "security_groups": [],
                "self": false,
                "to_port": 0
              }
            ],
            "id": "sg-0ec5a30a71e5f3cdb",
            "ingress": [
              {
                "cidr_blocks": [
                  "0.0.0.0/0"
                ],
                "description": "HTTP from anywhere",
                "from_port": 80,
                "ipv6_cidr_blocks": [],
                "prefix_list_ids": [],
                "protocol": "tcp",
                "security_groups": [],
                "self": false,
                "to_port": 80
              },
              {
                "cidr_blocks": [
                  "0.0.0.0/0"
                ],
                "description": "SSH from anywhere",
                "from_port": 22,
                "ipv6_cidr_blocks": [],
                "prefix_list_ids": [],
                "protocol": "tcp",
                "security_groups": [],
                "self": false,
                "to_port": 22
              }
            ],
            "name": "webserver-instances-sg",
            "name_prefix": "",
            "owner_id": "603614923340",
            "revoke_rules_on_delete": false,
            "tags": {
              "Name": "webserver-instances-sg"
            },
            "tags_all": {
              "Name": "webserver-instances-sg"
            },
            "timeouts": null,
            "vpc_id": "vpc-f9314084"
          },
          "sensitive_attributes": [],
          "identity_schema_version": 0,
          "private": "eyJlMmJmYjczMC1lY2FhLTExZTYtOGY4OC0zNDM2M2JjN2M0YzAiOnsiY3JlYXRlIjo2MDAwMDAwMDAwMDAsImRlbGV0ZSI6OTAwMDAwMDAwMDAwfSwic2NoZW1hX3ZlcnNpb24iOiIxIn0=",
          "dependencies": [
            "data.aws_vpc.default"
          ]
        }
      ]
    },
    {
      "mode": "managed",
      "type": "aws_security_group",
      "name": "windows_rdp_sg",
      "provider": "provider[\"registry.terraform.io/hashicorp/aws\"]",
      "instances": [
        {
          "schema_version": 1,
          "attributes": {
            "arn": "arn:aws:ec2:us-east-1:603614923340:security-group/sg-0a79fd262671a9fca",
            "description": "Allow RDP inbound traffic",
            "egress": [
              {
                "cidr_blocks": [
                  "0.0.0.0/0"
                ],
                "description": "",
                "from_port": 0,
                "ipv6_cidr_blocks": [],
                "prefix_list_ids": [],
                "protocol": "-1",
                "security_groups": [],
                "self": false,
                "to_port": 0
              }
            ],
            "id": "sg-0a79fd262671a9fca",
            "ingress": [
              {
                "cidr_blocks": [
                  "0.0.0.0/0"
                ],
                "description": "RDP from anywhere",
                "from_port": 3389,
                "ipv6_cidr_blocks": [],
                "prefix_list_ids": [],
                "protocol": "tcp",
                "security_groups": [],
                "self": false,
                "to_port": 3389
              }
            ],
            "name": "windows-rdp-sg",
            "name_prefix": "",
            "owner_id": "603614923340",
            "revoke_rules_on_delete": false,
            "tags": {
              "Name": "windows-rdp-sg"
            },
            "tags_all": {
              "Name": "windows-rdp-sg"
            },
            "timeouts": null,
            "vpc_id": "vpc-f9314084"
          },
          "sensitive_attributes": [],
          "identity_schema_version": 0,
          "private": "eyJlMmJmYjczMC1lY2FhLTExZTYtOGY4OC0zNDM2M2JjN2M0YzAiOnsiY3JlYXRlIjo2MDAwMDAwMDAwMDAsImRlbGV0ZSI6OTAwMDAwMDAwMDAwfSwic2NoZW1hX3ZlcnNpb24iOiIxIn0=",
          "dependencies": [
            "data.aws_vpc.default"
          ]
        }
      ]
    },
    {
      "mode": "managed",
      "type": "null_resource",
      "name": "create_keys_dir",
      "provider": "provider[\"registry.terraform.io/hashicorp/null\"]",
      "instances": [
        {
          "schema_version": 0,
          "attributes": {
            "id": "6349426004673355766",
            "triggers": null
          },
          "sensitive_attributes": [],
          "identity_schema_version": 0
        }
      ]
    },
    {
      "mode": "managed",
      "type": "tls_private_key",
      "name": "pk",
      "provider": "provider[\"registry.terraform.io/hashicorp/tls\"]",
      "instances": [
        {
          "schema_version": 1,
          "attributes": {
            "algorithm": "RSA",
            "ecdsa_curve": "P224",
            "id": "8e7eedcf3f568dbbf30f0c316870decd5bb803b4",
            "private_key_openssh": "-----BEGIN OPENSSH PRIVATE KEY-----\nb3BlbnNzaC1rZXktdjEAAAAABG5vbmUAAAAEbm9uZQAAAAAAAAABAAACFwAAAAdz\nc2gtcnNhAAAAAwEAAQAAAgEAvqe94lKgiCBDlE6loaoG0VWTnfEw1U6IdqOCjQTB\n9BdrEvJIW4ccETN0Iwt/uB/vblWW5tj0KAbwwld/KWG9BUbma2eXikVpKoui/VN0\nXoOlGXkpaKq9Fz+WUR0vQ7hb5O1T0jIZ+Ltyk+h3+srVhTozC0/oRgVAep+EZZCy\n7Tn882HqTtdvtjmlXCxl6ZKv69EzcZKCufQ3q3INaHz5Gi0Ficxfj3NbHLtZU1PZ\naLwdSJCrg4ao7jIruq0q8h8gyK9Kh536/jP3+XA+vG3uVQdhFOzLo41p3dCg+3fQ\nBfr6FbFZWAhpAI896BRqiOqI9ftlPKKUhx88WgpjqZzFpEUbCFMz0YKPzYZVe4rz\nv7t8UbGFRCy9aHpmeLVN7OnHvvw2VLaU7F6I4SJj+FjF3+mhfG4iCxOowe5+i+Jj\n4AU92ESs81ICF3Tj/jnWN6yUuRbvTLf1pQ4GQLRkxjlQq7PBaEBO34+M7IYaIHyb\ngJuFTFhj/z/BENOfN9AGVesTOdJForF/WDOHjsLaJ0luPzt7R6y3N1MC1tdWVgXk\nUAdYrF/RLwpKaEZU6qeaGShrALOK0X2ADSeqqxIpHg4x7AmHSnrKBgi2hQtAGKmQ\nLBN03NEGSGYDmZztHbYsOvfKRbkpQd5a+hlsvFa5u5docqylsCOo6mP3ZocmyY7A\n8gcAAAc449CXsePQl7EAAAAHc3NoLXJzYQAAAgEAvqe94lKgiCBDlE6loaoG0VWT\nnfEw1U6IdqOCjQTB9BdrEvJIW4ccETN0Iwt/uB/vblWW5tj0KAbwwld/KWG9BUbm\na2eXikVpKoui/VN0XoOlGXkpaKq9Fz+WUR0vQ7hb5O1T0jIZ+Ltyk+h3+srVhToz\nC0/oRgVAep+EZZCy7Tn882HqTtdvtjmlXCxl6ZKv69EzcZKCufQ3q3INaHz5Gi0F\nicxfj3NbHLtZU1PZaLwdSJCrg4ao7jIruq0q8h8gyK9Kh536/jP3+XA+vG3uVQdh\nFOzLo41p3dCg+3fQBfr6FbFZWAhpAI896BRqiOqI9ftlPKKUhx88WgpjqZzFpEUb\nCFMz0YKPzYZVe4rzv7t8UbGFRCy9aHpmeLVN7OnHvvw2VLaU7F6I4SJj+FjF3+mh\nfG4iCxOowe5+i+Jj4AU92ESs81ICF3Tj/jnWN6yUuRbvTLf1pQ4GQLRkxjlQq7PB\naEBO34+M7IYaIHybgJuFTFhj/z/BENOfN9AGVesTOdJForF/WDOHjsLaJ0luPzt7\nR6y3N1MC1tdWVgXkUAdYrF/RLwpKaEZU6qeaGShrALOK0X2ADSeqqxIpHg4x7AmH\nSnrKBgi2hQtAGKmQLBN03NEGSGYDmZztHbYsOvfKRbkpQd5a+hlsvFa5u5docqyl\nsCOo6mP3ZocmyY7A8gcAAAADAQABAAACABN2SBnsWVrMAFoJVTsVgjCoTbNXxaZg\np+mEc3U1wR7LrTB37w740dKnr/lL2TPQfr6Cmi7igrn7S2RrTh3JTmRVgnwATSXe\nRAgFzROTC1QCmD3rcmCu3TKcWRnaotKE5UyPNXlFiAUuDVov5t+BCR7afA9xjsJn\nEtfxpLBBfyJcQwgNPL/jmhG9/LVWCuk3AiJObrPvQsz8sxobQGckKsGTSvdwF2kr\nW2epcErjSlQ4r7ySmA+LFX+LO4+I0dN5ff0+d5s0c0SzxWJ/JMhTaHrhj/V03qzJ\naL8t5uEEsAWMQy8ntXkZEq7t8GHag62KU4TYrtLrvcG1XJHMcbQEvuACnQSe44gD\nL4kD/4IgtbCMvx8A6AwG15Ht8xesGHcm1WYhEFRo/Wdq8DAjAHRdvEB1N6oAoZZ/\nkEndTFGphAqlYW/zWeCeDHXbIXKfqrmwBX+t40zxC659G395celkCkiK59hzB8SP\n5Q2KGYe3OVDAtT0QtEAZTyWJweWdIMuXLIUyLEQ131UML92OQqPSyLnOSfCY0y4Q\ngMgbcDA5pxvHIhpFWapH4V6U/MnW6RMmg9HRmPUXrLq+2Q4cfTyl+dLn9Cvz0E2b\n17g05LGRr1GqMalxCB7FQh/rkCWLK1sj+uotiqlrsYbeLEIu5Fo9kPhX+8DMXKRA\nv1Ok/YKLTXYRAAABAGsPZyzvoz1aiTlQM1my0J7Z//ujPG7Qs2sE33jsafITzzzp\nieoFLvLP1Htrcja3RpOceIrsa5o3QLPiTfL8mK/nA2egO9QpaJzdj3ljH5nADFfu\nFIcHUj2/71kFIbPtDDYelRUHxHX1qAfG/xU7Y/gngvUPbqReuHKKqSYgsVi/Kdbw\nctglcFc1kLjM2gBmMWYcnG4O0euOGwKsSegEp9/kRhyVHDwUQqacvIHf5P+YBBUJ\n7ImHau37H6YyWxY7vBIiWbQkF0x2KXg6ItnB4FdGnlyX1jbjQKTRGPQtzfvdjdRU\nldKpqQ9Fsq1ss98PBeaYIIKBkNytY/09DL7/YsUAAAEBAPUPwX/ACyHZzHLeHBBP\njyb8ezNsTeZBH9JAzgPPjtBqoSt3pnXcjSizqYfye+pu6sXdXIVCRf496RKlVplV\nrJBCfli0B99BQhQ0YiqpcUz+LG16o/hcu/9P3moslq20+lIluBtHfe8FhvHGpz+u\nn2He9LOsO1NYrMB7Z8zRRN4WJFf7/Bt72JKl6pB8IjS1vbGqz/XRGyjQnm+WiQ7H\n3CJCHpOZ/D/FtTabO2NL/aLtmy1ITa2W0oBhDYFdtbTdCd60SCf9OVTrIps8cJ+F\n3wUCwoWmne1LNs9Sh/se7qVMRGDIxsrEUdgXmKFUF7Nua4NWy0jhgqqjIZpypQHz\nsAsAAAEBAMcqTS6FCWR6dFnurodGsiHd58mryp407SSMnfGLtoVAw0Kba2PHbuLj\nGtuz3RV2VA9Tzil7n2LC4YXRv26k4veed4Jw7F6VhRxyKeg+tUc0mYr1Wr+5/XYb\nnRtnwbk72jQ1sgZBLcBN8VwItXCfH8BFJ7yLpu9Escv8k1wfOjnoorq/knPl2GyT\nNK9Cnj5o49fjB/LBasaE2ghg/X4jqyRO54OqZLUaTVYos3zTzou6dNpqXJp/mUNr\ntk2MOZ4xQyRatELfHOcFKhYhkBH3MV7UiXgV0ejOOqK+SHWaVcLW2l92VQbFeTMN\n83MF7oMxmAANvDYuAuDCYk0DcqiBl3UAAAAAAQID\n-----END OPENSSH PRIVATE KEY-----\n",
            "private_key_pem": "-----BEGIN RSA PRIVATE KEY-----\nMIIJKAIBAAKCAgEAvqe94lKgiCBDlE6loaoG0VWTnfEw1U6IdqOCjQTB9BdrEvJI\nW4ccETN0Iwt/uB/vblWW5tj0KAbwwld/KWG9BUbma2eXikVpKoui/VN0XoOlGXkp\naKq9Fz+WUR0vQ7hb5O1T0jIZ+Ltyk+h3+srVhTozC0/oRgVAep+EZZCy7Tn882Hq\nTtdvtjmlXCxl6ZKv69EzcZKCufQ3q3INaHz5Gi0Ficxfj3NbHLtZU1PZaLwdSJCr\ng4ao7jIruq0q8h8gyK9Kh536/jP3+XA+vG3uVQdhFOzLo41p3dCg+3fQBfr6FbFZ\nWAhpAI896BRqiOqI9ftlPKKUhx88WgpjqZzFpEUbCFMz0YKPzYZVe4rzv7t8UbGF\nRCy9aHpmeLVN7OnHvvw2VLaU7F6I4SJj+FjF3+mhfG4iCxOowe5+i+Jj4AU92ESs\n81ICF3Tj/jnWN6yUuRbvTLf1pQ4GQLRkxjlQq7PBaEBO34+M7IYaIHybgJuFTFhj\n/z/BENOfN9AGVesTOdJForF/WDOHjsLaJ0luPzt7R6y3N1MC1tdWVgXkUAdYrF/R\nLwpKaEZU6qeaGShrALOK0X2ADSeqqxIpHg4x7AmHSnrKBgi2hQtAGKmQLBN03NEG\nSGYDmZztHbYsOvfKRbkpQd5a+hlsvFa5u5docqylsCOo6mP3ZocmyY7A8gcCAwEA\nAQKCAgATdkgZ7FlazABaCVU7FYIwqE2zV8WmYKfphHN1NcEey60wd+8O+NHSp6/5\nS9kz0H6+gpou4oK5+0tka04dyU5kVYJ8AE0l3kQIBc0TkwtUApg963Jgrt0ynFkZ\n2qLShOVMjzV5RYgFLg1aL+bfgQke2nwPcY7CZxLX8aSwQX8iXEMIDTy/45oRvfy1\nVgrpNwIiTm6z70LM/LMaG0BnJCrBk0r3cBdpK1tnqXBK40pUOK+8kpgPixV/izuP\niNHTeX39PnebNHNEs8VifyTIU2h64Y/1dN6syWi/LebhBLAFjEMvJ7V5GRKu7fBh\n2oOtilOE2K7S673BtVyRzHG0BL7gAp0EnuOIAy+JA/+CILWwjL8fAOgMBteR7fMX\nrBh3JtVmIRBUaP1navAwIwB0XbxAdTeqAKGWf5BJ3UxRqYQKpWFv81ngngx12yFy\nn6q5sAV/reNM8QuufRt/eXHpZApIiufYcwfEj+UNihmHtzlQwLU9ELRAGU8licHl\nnSDLlyyFMixENd9VDC/djkKj0si5zknwmNMuEIDIG3AwOacbxyIaRVmqR+FelPzJ\n1ukTJoPR0Zj1F6y6vtkOHH08pfnS5/Qr89BNm9e4NOSxka9RqjGpcQgexUIf65Al\niytbI/rqLYqpa7GG3ixCLuRaPZD4V/vAzFykQL9TpP2Ci012EQKCAQEA9Q/Bf8AL\nIdnMct4cEE+PJvx7M2xN5kEf0kDOA8+O0GqhK3emddyNKLOph/J76m7qxd1chUJF\n/j3pEqVWmVWskEJ+WLQH30FCFDRiKqlxTP4sbXqj+Fy7/0/eaiyWrbT6UiW4G0d9\n7wWG8canP66fYd70s6w7U1iswHtnzNFE3hYkV/v8G3vYkqXqkHwiNLW9sarP9dEb\nKNCeb5aJDsfcIkIek5n8P8W1Nps7Y0v9ou2bLUhNrZbSgGENgV21tN0J3rRIJ/05\nVOsimzxwn4XfBQLChaad7Us2z1KH+x7upUxEYMjGysRR2BeYoVQXs25rg1bLSOGC\nqqMhmnKlAfOwCwKCAQEAxypNLoUJZHp0We6uh0ayId3nyavKnjTtJIyd8Yu2hUDD\nQptrY8du4uMa27PdFXZUD1POKXufYsLhhdG/bqTi9553gnDsXpWFHHIp6D61RzSZ\nivVav7n9dhudG2fBuTvaNDWyBkEtwE3xXAi1cJ8fwEUnvIum70Sxy/yTXB86Oeii\nur+Sc+XYbJM0r0KePmjj1+MH8sFqxoTaCGD9fiOrJE7ng6pktRpNViizfNPOi7p0\n2mpcmn+ZQ2u2TYw5njFDJFq0Qt8c5wUqFiGQEfcxXtSJeBXR6M46or5IdZpVwtba\nX3ZVBsV5Mw3zcwXugzGYAA28Ni4C4MJiTQNyqIGXdQKCAQEAz8UH/VPJHG4YFNuT\nV5DcgeVWXwbYFPvqCsy+3iQ/pRyCgOP00cCoPXX1qjlALkbT7eX750+FIEVFMnXT\nsjUdFUIK9RHOCs69Q3wWLq1yTiDBciCknJGjIpeIruQW7Degc71fFmHKt7gr7RjL\n/AYFQ2lQdnTz53orHRaDrvdOOCz1q1MNMBAUUmExOkbEiYP8zIFRx8v+BuC5M0qh\n8VIppTIB0oqff0IUnbOG6m0nIdfp1L6UfTR+TDH8zU2yHSG6mIKpGp5q2UByGsNn\niRhrOUhZvA7DnshCNAx5FcPn+WVsI9KWGJvR+DApS76MSai4pqYTvDrWGe4tM1E3\n7Su6eQKCAQA8nMIae0BthNruF7aj0r8ZkXgeJxsl5MObEPRsc3GbwibqmXQoTKSR\nhj5BSM7q3jUc6QtgEpBiNR7/Y+MXoDS22VJTr1wwON7m1lOsq5Dt17M22A7DNK5P\niH3avkv1vKJeq0y/nIx47v+aW8gkOzklgaZjOjkWrlhR1U9fhN1qjEMiBHVksjmY\naYBqKiMQqUlWBXEAzx5Yxku4qxPalK5cAWtx5aR6fUO2CfL99VPxsFApvJ7sIhMZ\nsqkrlpZeb22YncYoZ9Ba+nZhf9thrFIpIxOnKTTV3hV4O+K/b7XT8yFIVjHwOp71\nC7Tgd5ir8qbotUVnU79qeZ4DBB6b67yVAoIBAGsPZyzvoz1aiTlQM1my0J7Z//uj\nPG7Qs2sE33jsafITzzzpieoFLvLP1Htrcja3RpOceIrsa5o3QLPiTfL8mK/nA2eg\nO9QpaJzdj3ljH5nADFfuFIcHUj2/71kFIbPtDDYelRUHxHX1qAfG/xU7Y/gngvUP\nbqReuHKKqSYgsVi/KdbwctglcFc1kLjM2gBmMWYcnG4O0euOGwKsSegEp9/kRhyV\nHDwUQqacvIHf5P+YBBUJ7ImHau37H6YyWxY7vBIiWbQkF0x2KXg6ItnB4FdGnlyX\n1jbjQKTRGPQtzfvdjdRUldKpqQ9Fsq1ss98PBeaYIIKBkNytY/09DL7/YsU=\n-----END RSA PRIVATE KEY-----\n",
            "private_key_pem_pkcs8": "-----BEGIN PRIVATE KEY-----\nMIIJQgIBADANBgkqhkiG9w0BAQEFAASCCSwwggkoAgEAAoICAQC+p73iUqCIIEOU\nTqWhqgbRVZOd8TDVToh2o4KNBMH0F2sS8khbhxwRM3QjC3+4H+9uVZbm2PQoBvDC\nV38pYb0FRuZrZ5eKRWkqi6L9U3Reg6UZeSloqr0XP5ZRHS9DuFvk7VPSMhn4u3KT\n6Hf6ytWFOjMLT+hGBUB6n4RlkLLtOfzzYepO12+2OaVcLGXpkq/r0TNxkoK59Der\ncg1ofPkaLQWJzF+Pc1scu1lTU9lovB1IkKuDhqjuMiu6rSryHyDIr0qHnfr+M/f5\ncD68be5VB2EU7MujjWnd0KD7d9AF+voVsVlYCGkAjz3oFGqI6oj1+2U8opSHHzxa\nCmOpnMWkRRsIUzPRgo/NhlV7ivO/u3xRsYVELL1oemZ4tU3s6ce+/DZUtpTsXojh\nImP4WMXf6aF8biILE6jB7n6L4mPgBT3YRKzzUgIXdOP+OdY3rJS5Fu9Mt/WlDgZA\ntGTGOVCrs8FoQE7fj4zshhogfJuAm4VMWGP/P8EQ05830AZV6xM50kWisX9YM4eO\nwtonSW4/O3tHrLc3UwLW11ZWBeRQB1isX9EvCkpoRlTqp5oZKGsAs4rRfYANJ6qr\nEikeDjHsCYdKesoGCLaFC0AYqZAsE3Tc0QZIZgOZnO0dtiw698pFuSlB3lr6GWy8\nVrm7l2hyrKWwI6jqY/dmhybJjsDyBwIDAQABAoICABN2SBnsWVrMAFoJVTsVgjCo\nTbNXxaZgp+mEc3U1wR7LrTB37w740dKnr/lL2TPQfr6Cmi7igrn7S2RrTh3JTmRV\ngnwATSXeRAgFzROTC1QCmD3rcmCu3TKcWRnaotKE5UyPNXlFiAUuDVov5t+BCR7a\nfA9xjsJnEtfxpLBBfyJcQwgNPL/jmhG9/LVWCuk3AiJObrPvQsz8sxobQGckKsGT\nSvdwF2krW2epcErjSlQ4r7ySmA+LFX+LO4+I0dN5ff0+d5s0c0SzxWJ/JMhTaHrh\nj/V03qzJaL8t5uEEsAWMQy8ntXkZEq7t8GHag62KU4TYrtLrvcG1XJHMcbQEvuAC\nnQSe44gDL4kD/4IgtbCMvx8A6AwG15Ht8xesGHcm1WYhEFRo/Wdq8DAjAHRdvEB1\nN6oAoZZ/kEndTFGphAqlYW/zWeCeDHXbIXKfqrmwBX+t40zxC659G395celkCkiK\n59hzB8SP5Q2KGYe3OVDAtT0QtEAZTyWJweWdIMuXLIUyLEQ131UML92OQqPSyLnO\nSfCY0y4QgMgbcDA5pxvHIhpFWapH4V6U/MnW6RMmg9HRmPUXrLq+2Q4cfTyl+dLn\n9Cvz0E2b17g05LGRr1GqMalxCB7FQh/rkCWLK1sj+uotiqlrsYbeLEIu5Fo9kPhX\n+8DMXKRAv1Ok/YKLTXYRAoIBAQD1D8F/wAsh2cxy3hwQT48m/HszbE3mQR/SQM4D\nz47QaqErd6Z13I0os6mH8nvqburF3VyFQkX+PekSpVaZVayQQn5YtAffQUIUNGIq\nqXFM/ixteqP4XLv/T95qLJattPpSJbgbR33vBYbxxqc/rp9h3vSzrDtTWKzAe2fM\n0UTeFiRX+/wbe9iSpeqQfCI0tb2xqs/10Rso0J5vlokOx9wiQh6Tmfw/xbU2mztj\nS/2i7ZstSE2tltKAYQ2BXbW03QnetEgn/TlU6yKbPHCfhd8FAsKFpp3tSzbPUof7\nHu6lTERgyMbKxFHYF5ihVBezbmuDVstI4YKqoyGacqUB87ALAoIBAQDHKk0uhQlk\nenRZ7q6HRrIh3efJq8qeNO0kjJ3xi7aFQMNCm2tjx27i4xrbs90VdlQPU84pe59i\nwuGF0b9upOL3nneCcOxelYUccinoPrVHNJmK9Vq/uf12G50bZ8G5O9o0NbIGQS3A\nTfFcCLVwnx/ARSe8i6bvRLHL/JNcHzo56KK6v5Jz5dhskzSvQp4+aOPX4wfywWrG\nhNoIYP1+I6skTueDqmS1Gk1WKLN8086LunTaalyaf5lDa7ZNjDmeMUMkWrRC3xzn\nBSoWIZAR9zFe1Il4FdHozjqivkh1mlXC1tpfdlUGxXkzDfNzBe6DMZgADbw2LgLg\nwmJNA3KogZd1AoIBAQDPxQf9U8kcbhgU25NXkNyB5VZfBtgU++oKzL7eJD+lHIKA\n4/TRwKg9dfWqOUAuRtPt5fvnT4UgRUUyddOyNR0VQgr1Ec4Kzr1DfBYurXJOIMFy\nIKSckaMil4iu5BbsN6BzvV8WYcq3uCvtGMv8BgVDaVB2dPPneisdFoOu9044LPWr\nUw0wEBRSYTE6RsSJg/zMgVHHy/4G4LkzSqHxUimlMgHSip9/QhSds4bqbSch1+nU\nvpR9NH5MMfzNTbIdIbqYgqkanmrZQHIaw2eJGGs5SFm8DsOeyEI0DHkVw+f5ZWwj\n0pYYm9H4MClLvoxJqLimphO8OtYZ7i0zUTftK7p5AoIBADycwhp7QG2E2u4XtqPS\nvxmReB4nGyXkw5sQ9GxzcZvCJuqZdChMpJGGPkFIzureNRzpC2ASkGI1Hv9j4xeg\nNLbZUlOvXDA43ubWU6yrkO3XszbYDsM0rk+Ifdq+S/W8ol6rTL+cjHju/5pbyCQ7\nOSWBpmM6ORauWFHVT1+E3WqMQyIEdWSyOZhpgGoqIxCpSVYFcQDPHljGS7irE9qU\nrlwBa3HlpHp9Q7YJ8v31U/GwUCm8nuwiExmyqSuWll5vbZidxihn0Fr6dmF/22Gs\nUikjE6cpNNXeFXg74r9vtdPzIUhWMfA6nvULtOB3mKvypui1RWdTv2p5ngMEHpvr\nvJUCggEAaw9nLO+jPVqJOVAzWbLQntn/+6M8btCzawTfeOxp8hPPPOmJ6gUu8s/U\ne2tyNrdGk5x4iuxrmjdAs+JN8vyYr+cDZ6A71ClonN2PeWMfmcAMV+4UhwdSPb/v\nWQUhs+0MNh6VFQfEdfWoB8b/FTtj+CeC9Q9upF64coqpJiCxWL8p1vBy2CVwVzWQ\nuMzaAGYxZhycbg7R644bAqxJ6ASn3+RGHJUcPBRCppy8gd/k/5gEFQnsiYdq7fsf\npjJbFju8EiJZtCQXTHYpeDoi2cHgV0aeXJfWNuNApNEY9C3N+92N1FSV0qmpD0Wy\nrWyz3w8F5pgggoGQ3K1j/T0Mvv9ixQ==\n-----END PRIVATE KEY-----\n",
            "public_key_fingerprint_md5": "07:df:d8:0b:15:df:31:22:c7:4c:c9:b1:b7:72:2a:2d",
            "public_key_fingerprint_sha256": "SHA256:ea1xH32oASrZ011NVUrL0yQT5mL7yPhQsU8hitTSg+M",
            "public_key_openssh": "ssh-rsa AAAAB3NzaC1yc2EAAAADAQABAAACAQC+p73iUqCIIEOUTqWhqgbRVZOd8TDVToh2o4KNBMH0F2sS8khbhxwRM3QjC3+4H+9uVZbm2PQoBvDCV38pYb0FRuZrZ5eKRWkqi6L9U3Reg6UZeSloqr0XP5ZRHS9DuFvk7VPSMhn4u3KT6Hf6ytWFOjMLT+hGBUB6n4RlkLLtOfzzYepO12+2OaVcLGXpkq/r0TNxkoK59Dercg1ofPkaLQWJzF+Pc1scu1lTU9lovB1IkKuDhqjuMiu6rSryHyDIr0qHnfr+M/f5cD68be5VB2EU7MujjWnd0KD7d9AF+voVsVlYCGkAjz3oFGqI6oj1+2U8opSHHzxaCmOpnMWkRRsIUzPRgo/NhlV7ivO/u3xRsYVELL1oemZ4tU3s6ce+/DZUtpTsXojhImP4WMXf6aF8biILE6jB7n6L4mPgBT3YRKzzUgIXdOP+OdY3rJS5Fu9Mt/WlDgZAtGTGOVCrs8FoQE7fj4zshhogfJuAm4VMWGP/P8EQ05830AZV6xM50kWisX9YM4eOwtonSW4/O3tHrLc3UwLW11ZWBeRQB1isX9EvCkpoRlTqp5oZKGsAs4rRfYANJ6qrEikeDjHsCYdKesoGCLaFC0AYqZAsE3Tc0QZIZgOZnO0dtiw698pFuSlB3lr6GWy8Vrm7l2hyrKWwI6jqY/dmhybJjsDyBw==\n",
            "public_key_pem": "-----BEGIN PUBLIC KEY-----\nMIICIjANBgkqhkiG9w0BAQEFAAOCAg8AMIICCgKCAgEAvqe94lKgiCBDlE6loaoG\n0VWTnfEw1U6IdqOCjQTB9BdrEvJIW4ccETN0Iwt/uB/vblWW5tj0KAbwwld/KWG9\nBUbma2eXikVpKoui/VN0XoOlGXkpaKq9Fz+WUR0vQ7hb5O1T0jIZ+Ltyk+h3+srV\nhTozC0/oRgVAep+EZZCy7Tn882HqTtdvtjmlXCxl6ZKv69EzcZKCufQ3q3INaHz5\nGi0Ficxfj3NbHLtZU1PZaLwdSJCrg4ao7jIruq0q8h8gyK9Kh536/jP3+XA+vG3u\nVQdhFOzLo41p3dCg+3fQBfr6FbFZWAhpAI896BRqiOqI9ftlPKKUhx88WgpjqZzF\npEUbCFMz0YKPzYZVe4rzv7t8UbGFRCy9aHpmeLVN7OnHvvw2VLaU7F6I4SJj+FjF\n3+mhfG4iCxOowe5+i+Jj4AU92ESs81ICF3Tj/jnWN6yUuRbvTLf1pQ4GQLRkxjlQ\nq7PBaEBO34+M7IYaIHybgJuFTFhj/z/BENOfN9AGVesTOdJForF/WDOHjsLaJ0lu\nPzt7R6y3N1MC1tdWVgXkUAdYrF/RLwpKaEZU6qeaGShrALOK0X2ADSeqqxIpHg4x\n7AmHSnrKBgi2hQtAGKmQLBN03NEGSGYDmZztHbYsOvfKRbkpQd5a+hlsvFa5u5do\ncqylsCOo6mP3ZocmyY7A8gcCAwEAAQ==\n-----END PUBLIC KEY-----\n",
            "rsa_bits": 4096
          },
          "sensitive_attributes": [
            [
              {
                "type": "get_attr",
                "value": "private_key_openssh"
              }
            ],
            [
              {
                "type": "get_attr",
                "value": "private_key_pem"
              }
            ],
            [
              {
                "type": "get_attr",
                "value": "private_key_pem_pkcs8"
              }
            ]
          ],
          "identity_schema_version": 0
        }
      ]
    },
    {
      "mode": "managed",
      "type": "tls_private_key",
      "name": "pk_windows",
      "provider": "provider[\"registry.terraform.io/hashicorp/tls\"]",
      "instances": [
        {
          "schema_version": 1,
          "attributes": {
            "algorithm": "RSA",
            "ecdsa_curve": "P224",
            "id": "441f9c9528b470a14e115f34e0ef256fd533b017",
            "private_key_openssh": "-----BEGIN OPENSSH PRIVATE KEY-----\nb3BlbnNzaC1rZXktdjEAAAAABG5vbmUAAAAEbm9uZQAAAAAAAAABAAACFwAAAAdz\nc2gtcnNhAAAAAwEAAQAAAgEA4d+BZ9PnlGTo5b2V9X4OTaAPC6/xmyzcbuvGrPtA\nYnunUEa1WKchnSiR47pkEVk8hHI2inQUhhNzFB0i6Z2bYQzLCbh4cE5WDYtgOfHt\n3h2UShgWKeemme62TWYMiXkAKWsauZOZF04vZOr+DBL6p0u3gTqtjQ9a49FN2cmY\n/ajDFqfUakXU0TxBfYpobHomM0tw7EF5kLS4Cy4lv8YDB9dBSe1jMUru+RuXJ0fY\n77LvOL94OhuMx5SS/94PcLodM88Jy1r3+8tJZLHwXdHKSCH2BKWDZI/YWigfwT3I\n6jpATnRYX9zKlO4/RCgLLrrwRaaAI8ksZV+XhxWzgEHRduGLpO1tv3qMAlQEakGe\njxRSU0SWKGLUuMfcUcubPui+J0rzN6vljZeB8kTlExq+l1T4CSC8C1Bhp++ZvF68\nBWlRHezhdauRjTLmtPJ51h3Em4fw2szTiPxPIeajFjkRLQKb/a5ySFge0rt2PYDR\noEzkZp1aTAC6e9z+f/dIOxHp+8WT1WOgwSuR42q4ZHI8O1pgSwSD41gPCcbgEEiF\npnYgtXv25vnQdkmB/Z5ec5XQVMbKo17L/kKz/hlIpWjl9L/gk8EeQQrvIibOs0xK\nAIcuNMm2BDZOlMI/zCjTh/r/2JfCQi7OwNGmawEOrkfUv36rFcpkxJxWj5S6h0Up\nfd0AAAc4cgby+XIG8vkAAAAHc3NoLXJzYQAAAgEA4d+BZ9PnlGTo5b2V9X4OTaAP\nC6/xmyzcbuvGrPtAYnunUEa1WKchnSiR47pkEVk8hHI2inQUhhNzFB0i6Z2bYQzL\nCbh4cE5WDYtgOfHt3h2UShgWKeemme62TWYMiXkAKWsauZOZF04vZOr+DBL6p0u3\ngTqtjQ9a49FN2cmY/ajDFqfUakXU0TxBfYpobHomM0tw7EF5kLS4Cy4lv8YDB9dB\nSe1jMUru+RuXJ0fY77LvOL94OhuMx5SS/94PcLodM88Jy1r3+8tJZLHwXdHKSCH2\nBKWDZI/YWigfwT3I6jpATnRYX9zKlO4/RCgLLrrwRaaAI8ksZV+XhxWzgEHRduGL\npO1tv3qMAlQEakGejxRSU0SWKGLUuMfcUcubPui+J0rzN6vljZeB8kTlExq+l1T4\nCSC8C1Bhp++ZvF68BWlRHezhdauRjTLmtPJ51h3Em4fw2szTiPxPIeajFjkRLQKb\n/a5ySFge0rt2PYDRoEzkZp1aTAC6e9z+f/dIOxHp+8WT1WOgwSuR42q4ZHI8O1pg\nSwSD41gPCcbgEEiFpnYgtXv25vnQdkmB/Z5ec5XQVMbKo17L/kKz/hlIpWjl9L/g\nk8EeQQrvIibOs0xKAIcuNMm2BDZOlMI/zCjTh/r/2JfCQi7OwNGmawEOrkfUv36r\nFcpkxJxWj5S6h0Upfd0AAAADAQABAAACAASlOiJfmKjlDRKC74tHzIzXnxV2UUzU\npaJbcW2sAO1BVHXcM8Ka3335binktxLzvBY6ltkbdQARuUSTszqmyBlONnOadi+p\nHdqgqKrqjWY+3LE7BVI06ZeYFAzUQwCuI3elibxfE9Bt9TktdBTubFQ6GcNnk0Yw\nWspS040Q2yqoG+Sm/afMA99KTqEsWuRhUWo1/YcX+8WJdBmwXWpjW8PMUWiiXAkZ\nfuZSi5xcI6hR2WOLZRit6bUKK8CYv+hHWG5oewDSN5ropnvF9AbvRpDTWoQXSCdQ\npgtmxf04HQSGWRtuoWd4Y2tK2YDrnR0hU2Myy7YBxZeT4f2GtjML4zn9/uK8Qdag\ngYUJMdZQ++xr2GSmDR4zrmSSIsMWAGj+HofiTmO1aIaM2t7/g/dv6rt2pD0OO4pF\n5fhc3uquaqztDwgNeirVbLlu6B0wT3qnY1XiP1qSLk7S6rTMdSRNyqwSoVAYDm/E\ng+Vp0/H5eCAQGKnAe5m/z2m8p4AjvrI7Da3R0CziqosGXvcDws/jhHumI65vqDNT\nFMUiP+ZFiUvDw8oJ1P58PzyIoHlvs2KQfgmSyIXoqBnlU4RNAu+9UXLJVV8eYSXF\nH9+CZ7K1yE+n4FrGEEHIECfop8z5C2FTASdiPHCRGjPcmlj+m4FlqFttHv9ZKFke\nNf2IAsTcRNZpAAABAQD2x5IqnwuoJKzXo6Klj2FkzIb47D3gkkF/o4wN68hwCCh0\nbnB4g2tWdbVsyQtabNFd00bx3ScuTLLRFitJ8g08r0lxobl++Zh55e2qIcEQOtSw\nZFzECHO9Uao3/Q92YGzMdQ1RcU/+fiYuIvMwHtSq2RJFtZWj7l99aafn5lSbyp4Z\nvvJ/DdcWItiA2x/bPRdxCBwRe8DeiSRGXSzA2DHcDHdpzQ74JQBCQkPS0cFT2Vco\nvm807GQDt6W2U6lmX2mltKgOcxYDIBQP5+GZ+drFGx/SLlXmEcaLt9TAnyZ4ajEf\nYeEs8MCzY7JdDeQHEa8+kEln2KbKjAGKpa1/PMVaAAABAQD6Hc02ulQnh02JpTjH\nxkBBkcGhkQ/LfTacIiaPMmdk42LwESZ5c+/vZZEkViQ1E+GXRORoxIyJe4iqlark\nKm2uK+dxEakI5gmFhOuVOwq1FeZMLwwxIrTsxw2Bq5u87jH91OlBnX89k1m0Mkne\nrBqK/SB4HLz+BNaOFitKietBx/oiaUlisovSVPwRUjq/xihZX2jnKVKiBQUB5Tn7\nokfDjTWfv7qmS1xjG6u8Xkfab7K05flwmd6XHEp6lwMNN3OqXUXDbKcbjSF/Hf2K\nwM6rNZN5LEAGIskKAVq/aptA/ynV2aXGZ5Ed2axaLP6fcVgdt+XFgp3Tptv0ayY6\n/nSzAAABAQDnL7XxPgBXUihvn0ehYXli18XsH7bQw9Jl5X57llZjjkM/E3ivEbjL\nhbrNSYQ6uSK6SXkvldnsW4ZugbwjEehPzh1+Wl0cNSoZuloJEXVyVTmHcXnV/zFG\nBEWUlkrZudX5wHWWHBsf4EVehuukE9v4Amy/3W93sCkU1SLnkG3rjO+GoIZzJhs+\nRRLLPOaTnztncIDYJikr1AmqeNN+yFR+PYLlItQQfVSThoUa80GCLtVsSA43m6ue\nNNtnoerWbeIHEtS8iQd8TXIar1vNeN2/gU6G8N1GKgdHjomP78Fmca4wiC0/IX0q\n1VR9W0p+2l9fx9HcRVGGoi1OwrDdyCsvAAAAAAEC\n-----END OPENSSH PRIVATE KEY-----\n",
            "private_key_pem": "-----BEGIN RSA PRIVATE KEY-----\nMIIJKAIBAAKCAgEA4d+BZ9PnlGTo5b2V9X4OTaAPC6/xmyzcbuvGrPtAYnunUEa1\nWKchnSiR47pkEVk8hHI2inQUhhNzFB0i6Z2bYQzLCbh4cE5WDYtgOfHt3h2UShgW\nKeemme62TWYMiXkAKWsauZOZF04vZOr+DBL6p0u3gTqtjQ9a49FN2cmY/ajDFqfU\nakXU0TxBfYpobHomM0tw7EF5kLS4Cy4lv8YDB9dBSe1jMUru+RuXJ0fY77LvOL94\nOhuMx5SS/94PcLodM88Jy1r3+8tJZLHwXdHKSCH2BKWDZI/YWigfwT3I6jpATnRY\nX9zKlO4/RCgLLrrwRaaAI8ksZV+XhxWzgEHRduGLpO1tv3qMAlQEakGejxRSU0SW\nKGLUuMfcUcubPui+J0rzN6vljZeB8kTlExq+l1T4CSC8C1Bhp++ZvF68BWlRHezh\ndauRjTLmtPJ51h3Em4fw2szTiPxPIeajFjkRLQKb/a5ySFge0rt2PYDRoEzkZp1a\nTAC6e9z+f/dIOxHp+8WT1WOgwSuR42q4ZHI8O1pgSwSD41gPCcbgEEiFpnYgtXv2\n5vnQdkmB/Z5ec5XQVMbKo17L/kKz/hlIpWjl9L/gk8EeQQrvIibOs0xKAIcuNMm2\nBDZOlMI/zCjTh/r/2JfCQi7OwNGmawEOrkfUv36rFcpkxJxWj5S6h0Upfd0CAwEA\nAQKCAgAEpToiX5io5Q0Sgu+LR8yM158VdlFM1KWiW3FtrADtQVR13DPCmt99+W4p\n5LcS87wWOpbZG3UAEblEk7M6psgZTjZzmnYvqR3aoKiq6o1mPtyxOwVSNOmXmBQM\n1EMAriN3pYm8XxPQbfU5LXQU7mxUOhnDZ5NGMFrKUtONENsqqBvkpv2nzAPfSk6h\nLFrkYVFqNf2HF/vFiXQZsF1qY1vDzFFoolwJGX7mUoucXCOoUdlji2UYrem1CivA\nmL/oR1huaHsA0jea6KZ7xfQG70aQ01qEF0gnUKYLZsX9OB0EhlkbbqFneGNrStmA\n650dIVNjMsu2AcWXk+H9hrYzC+M5/f7ivEHWoIGFCTHWUPvsa9hkpg0eM65kkiLD\nFgBo/h6H4k5jtWiGjNre/4P3b+q7dqQ9DjuKReX4XN7qrmqs7Q8IDXoq1Wy5bugd\nME96p2NV4j9aki5O0uq0zHUkTcqsEqFQGA5vxIPladPx+XggEBipwHuZv89pvKeA\nI76yOw2t0dAs4qqLBl73A8LP44R7piOub6gzUxTFIj/mRYlLw8PKCdT+fD88iKB5\nb7NikH4JksiF6KgZ5VOETQLvvVFyyVVfHmElxR/fgmeytchPp+BaxhBByBAn6KfM\n+QthUwEnYjxwkRoz3JpY/puBZahbbR7/WShZHjX9iALE3ETWaQKCAQEA+h3NNrpU\nJ4dNiaU4x8ZAQZHBoZEPy302nCImjzJnZONi8BEmeXPv72WRJFYkNRPhl0TkaMSM\niXuIqpWq5CptrivncRGpCOYJhYTrlTsKtRXmTC8MMSK07McNgaubvO4x/dTpQZ1/\nPZNZtDJJ3qwaiv0geBy8/gTWjhYrSonrQcf6ImlJYrKL0lT8EVI6v8YoWV9o5ylS\nogUFAeU5+6JHw401n7+6pktcYxurvF5H2m+ytOX5cJnelxxKepcDDTdzql1Fw2yn\nG40hfx39isDOqzWTeSxABiLJCgFav2qbQP8p1dmlxmeRHdmsWiz+n3FYHbflxYKd\n06bb9GsmOv50swKCAQEA5y+18T4AV1Iob59HoWF5YtfF7B+20MPSZeV+e5ZWY45D\nPxN4rxG4y4W6zUmEOrkiukl5L5XZ7FuGboG8IxHoT84dflpdHDUqGbpaCRF1clU5\nh3F51f8xRgRFlJZK2bnV+cB1lhwbH+BFXobrpBPb+AJsv91vd7ApFNUi55Bt64zv\nhqCGcyYbPkUSyzzmk587Z3CA2CYpK9QJqnjTfshUfj2C5SLUEH1Uk4aFGvNBgi7V\nbEgON5urnjTbZ6Hq1m3iBxLUvIkHfE1yGq9bzXjdv4FOhvDdRioHR46Jj+/BZnGu\nMIgtPyF9KtVUfVtKftpfX8fR3EVRhqItTsKw3cgrLwKCAQANqLD7SyOrYPU4DiDS\nsB30NryHUT+2kij4T9khOtRwqwZNK/KY8V7qCPbrMBUcHPDV7Po4SnuOSoPFJRVH\nDpYcy+MAxsEfbkiY1RB0ftvv1blU8cDNsiKFR72SFkgUAkISpZzza2F2gGSGtbRZ\nB7cPXhF23cLocGUzLzy//lYtqnkbhfpu/GcsXl3BqGby8CRl9RLqhNQxaurCFr2a\n41rd8Ak8pyDPUhBCjVFMoS11XWI6BNEheBWy1OWwWizdfOjBJgTYTke19ngc1Atz\nl2Hx8aQTGvqIG0A1XquRBoZh/01Ok2s9MYy4P5ns9sYU+QCh5tgSeDacR2F9sJhO\n4nSHAoIBAElPWdSsIpOOHAB5c897B3EOl1avH9vHnPpu8dLi83YScMSZuhVZ+02e\nlIPwohu1BYwpLGKolDhdNZ3pSe2dChv0cmnU4d3GBhmufEqP3LxqxhlrJIV1rPxU\n8nORzR6JzY6rNx5ovzk2dwjoo+Sd340fx7h30ZcUp5JRnAXuSMz/Hh2E3d254b23\nTaRhJYT+Y2oDxPfF8hxR2tbSBc8YW6LEgrOCfdjUxXMany7SoJ1VmJwDpW6A0MUU\nYdbVA5EHuzse/5LhqRwDuwE3Rlc70qWdrXcg/in3veM1Ee4wyxVfSytco2x3hCeH\nConN3yumt8O5q5S77oRQ/SkSl99cUEUCggEBAPbHkiqfC6gkrNejoqWPYWTMhvjs\nPeCSQX+jjA3ryHAIKHRucHiDa1Z1tWzJC1ps0V3TRvHdJy5MstEWK0nyDTyvSXGh\nuX75mHnl7aohwRA61LBkXMQIc71Rqjf9D3ZgbMx1DVFxT/5+Ji4i8zAe1KrZEkW1\nlaPuX31pp+fmVJvKnhm+8n8N1xYi2IDbH9s9F3EIHBF7wN6JJEZdLMDYMdwMd2nN\nDvglAEJCQ9LRwVPZVyi+bzTsZAO3pbZTqWZfaaW0qA5zFgMgFA/n4Zn52sUbH9Iu\nVeYRxou31MCfJnhqMR9h4SzwwLNjsl0N5AcRrz6QSWfYpsqMAYqlrX88xVo=\n-----END RSA PRIVATE KEY-----\n",
            "private_key_pem_pkcs8": "-----BEGIN PRIVATE KEY-----\nMIIJQgIBADANBgkqhkiG9w0BAQEFAASCCSwwggkoAgEAAoICAQDh34Fn0+eUZOjl\nvZX1fg5NoA8Lr/GbLNxu68as+0Bie6dQRrVYpyGdKJHjumQRWTyEcjaKdBSGE3MU\nHSLpnZthDMsJuHhwTlYNi2A58e3eHZRKGBYp56aZ7rZNZgyJeQApaxq5k5kXTi9k\n6v4MEvqnS7eBOq2ND1rj0U3ZyZj9qMMWp9RqRdTRPEF9imhseiYzS3DsQXmQtLgL\nLiW/xgMH10FJ7WMxSu75G5cnR9jvsu84v3g6G4zHlJL/3g9wuh0zzwnLWvf7y0lk\nsfBd0cpIIfYEpYNkj9haKB/BPcjqOkBOdFhf3MqU7j9EKAsuuvBFpoAjySxlX5eH\nFbOAQdF24Yuk7W2/eowCVARqQZ6PFFJTRJYoYtS4x9xRy5s+6L4nSvM3q+WNl4Hy\nROUTGr6XVPgJILwLUGGn75m8XrwFaVEd7OF1q5GNMua08nnWHcSbh/DazNOI/E8h\n5qMWOREtApv9rnJIWB7Su3Y9gNGgTORmnVpMALp73P5/90g7Een7xZPVY6DBK5Hj\narhkcjw7WmBLBIPjWA8JxuAQSIWmdiC1e/bm+dB2SYH9nl5zldBUxsqjXsv+QrP+\nGUilaOX0v+CTwR5BCu8iJs6zTEoAhy40ybYENk6Uwj/MKNOH+v/Yl8JCLs7A0aZr\nAQ6uR9S/fqsVymTEnFaPlLqHRSl93QIDAQABAoICAASlOiJfmKjlDRKC74tHzIzX\nnxV2UUzUpaJbcW2sAO1BVHXcM8Ka3335binktxLzvBY6ltkbdQARuUSTszqmyBlO\nNnOadi+pHdqgqKrqjWY+3LE7BVI06ZeYFAzUQwCuI3elibxfE9Bt9TktdBTubFQ6\nGcNnk0YwWspS040Q2yqoG+Sm/afMA99KTqEsWuRhUWo1/YcX+8WJdBmwXWpjW8PM\nUWiiXAkZfuZSi5xcI6hR2WOLZRit6bUKK8CYv+hHWG5oewDSN5ropnvF9AbvRpDT\nWoQXSCdQpgtmxf04HQSGWRtuoWd4Y2tK2YDrnR0hU2Myy7YBxZeT4f2GtjML4zn9\n/uK8QdaggYUJMdZQ++xr2GSmDR4zrmSSIsMWAGj+HofiTmO1aIaM2t7/g/dv6rt2\npD0OO4pF5fhc3uquaqztDwgNeirVbLlu6B0wT3qnY1XiP1qSLk7S6rTMdSRNyqwS\noVAYDm/Eg+Vp0/H5eCAQGKnAe5m/z2m8p4AjvrI7Da3R0CziqosGXvcDws/jhHum\nI65vqDNTFMUiP+ZFiUvDw8oJ1P58PzyIoHlvs2KQfgmSyIXoqBnlU4RNAu+9UXLJ\nVV8eYSXFH9+CZ7K1yE+n4FrGEEHIECfop8z5C2FTASdiPHCRGjPcmlj+m4FlqFtt\nHv9ZKFkeNf2IAsTcRNZpAoIBAQD6Hc02ulQnh02JpTjHxkBBkcGhkQ/LfTacIiaP\nMmdk42LwESZ5c+/vZZEkViQ1E+GXRORoxIyJe4iqlarkKm2uK+dxEakI5gmFhOuV\nOwq1FeZMLwwxIrTsxw2Bq5u87jH91OlBnX89k1m0MknerBqK/SB4HLz+BNaOFitK\nietBx/oiaUlisovSVPwRUjq/xihZX2jnKVKiBQUB5Tn7okfDjTWfv7qmS1xjG6u8\nXkfab7K05flwmd6XHEp6lwMNN3OqXUXDbKcbjSF/Hf2KwM6rNZN5LEAGIskKAVq/\naptA/ynV2aXGZ5Ed2axaLP6fcVgdt+XFgp3Tptv0ayY6/nSzAoIBAQDnL7XxPgBX\nUihvn0ehYXli18XsH7bQw9Jl5X57llZjjkM/E3ivEbjLhbrNSYQ6uSK6SXkvldns\nW4ZugbwjEehPzh1+Wl0cNSoZuloJEXVyVTmHcXnV/zFGBEWUlkrZudX5wHWWHBsf\n4EVehuukE9v4Amy/3W93sCkU1SLnkG3rjO+GoIZzJhs+RRLLPOaTnztncIDYJikr\n1AmqeNN+yFR+PYLlItQQfVSThoUa80GCLtVsSA43m6ueNNtnoerWbeIHEtS8iQd8\nTXIar1vNeN2/gU6G8N1GKgdHjomP78Fmca4wiC0/IX0q1VR9W0p+2l9fx9HcRVGG\noi1OwrDdyCsvAoIBAA2osPtLI6tg9TgOINKwHfQ2vIdRP7aSKPhP2SE61HCrBk0r\n8pjxXuoI9uswFRwc8NXs+jhKe45Kg8UlFUcOlhzL4wDGwR9uSJjVEHR+2+/VuVTx\nwM2yIoVHvZIWSBQCQhKlnPNrYXaAZIa1tFkHtw9eEXbdwuhwZTMvPL/+Vi2qeRuF\n+m78ZyxeXcGoZvLwJGX1EuqE1DFq6sIWvZrjWt3wCTynIM9SEEKNUUyhLXVdYjoE\n0SF4FbLU5bBaLN186MEmBNhOR7X2eBzUC3OXYfHxpBMa+ogbQDVeq5EGhmH/TU6T\naz0xjLg/mez2xhT5AKHm2BJ4NpxHYX2wmE7idIcCggEASU9Z1Kwik44cAHlzz3sH\ncQ6XVq8f28ec+m7x0uLzdhJwxJm6FVn7TZ6Ug/CiG7UFjCksYqiUOF01nelJ7Z0K\nG/RyadTh3cYGGa58So/cvGrGGWskhXWs/FTyc5HNHonNjqs3Hmi/OTZ3COij5J3f\njR/HuHfRlxSnklGcBe5IzP8eHYTd3bnhvbdNpGElhP5jagPE98XyHFHa1tIFzxhb\nosSCs4J92NTFcxqfLtKgnVWYnAOlboDQxRRh1tUDkQe7Ox7/kuGpHAO7ATdGVzvS\npZ2tdyD+Kfe94zUR7jDLFV9LK1yjbHeEJ4cKic3fK6a3w7mrlLvuhFD9KRKX31xQ\nRQKCAQEA9seSKp8LqCSs16OipY9hZMyG+Ow94JJBf6OMDevIcAgodG5weINrVnW1\nbMkLWmzRXdNG8d0nLkyy0RYrSfINPK9JcaG5fvmYeeXtqiHBEDrUsGRcxAhzvVGq\nN/0PdmBszHUNUXFP/n4mLiLzMB7UqtkSRbWVo+5ffWmn5+ZUm8qeGb7yfw3XFiLY\ngNsf2z0XcQgcEXvA3okkRl0swNgx3Ax3ac0O+CUAQkJD0tHBU9lXKL5vNOxkA7el\ntlOpZl9ppbSoDnMWAyAUD+fhmfnaxRsf0i5V5hHGi7fUwJ8meGoxH2HhLPDAs2Oy\nXQ3kBxGvPpBJZ9imyowBiqWtfzzFWg==\n-----END PRIVATE KEY-----\n",
            "public_key_fingerprint_md5": "ce:5d:49:2c:d4:59:fb:99:8f:1d:f7:54:87:f0:81:94",
            "public_key_fingerprint_sha256": "SHA256:DT0qpTW0NsX576fekApEIU0vv6dvDsmtVN1Jqq9eBAE",
            "public_key_openssh": "ssh-rsa AAAAB3NzaC1yc2EAAAADAQABAAACAQDh34Fn0+eUZOjlvZX1fg5NoA8Lr/GbLNxu68as+0Bie6dQRrVYpyGdKJHjumQRWTyEcjaKdBSGE3MUHSLpnZthDMsJuHhwTlYNi2A58e3eHZRKGBYp56aZ7rZNZgyJeQApaxq5k5kXTi9k6v4MEvqnS7eBOq2ND1rj0U3ZyZj9qMMWp9RqRdTRPEF9imhseiYzS3DsQXmQtLgLLiW/xgMH10FJ7WMxSu75G5cnR9jvsu84v3g6G4zHlJL/3g9wuh0zzwnLWvf7y0lksfBd0cpIIfYEpYNkj9haKB/BPcjqOkBOdFhf3MqU7j9EKAsuuvBFpoAjySxlX5eHFbOAQdF24Yuk7W2/eowCVARqQZ6PFFJTRJYoYtS4x9xRy5s+6L4nSvM3q+WNl4HyROUTGr6XVPgJILwLUGGn75m8XrwFaVEd7OF1q5GNMua08nnWHcSbh/DazNOI/E8h5qMWOREtApv9rnJIWB7Su3Y9gNGgTORmnVpMALp73P5/90g7Een7xZPVY6DBK5Hjarhkcjw7WmBLBIPjWA8JxuAQSIWmdiC1e/bm+dB2SYH9nl5zldBUxsqjXsv+QrP+GUilaOX0v+CTwR5BCu8iJs6zTEoAhy40ybYENk6Uwj/MKNOH+v/Yl8JCLs7A0aZrAQ6uR9S/fqsVymTEnFaPlLqHRSl93Q==\n",
            "public_key_pem": "-----BEGIN PUBLIC KEY-----\nMIICIjANBgkqhkiG9w0BAQEFAAOCAg8AMIICCgKCAgEA4d+BZ9PnlGTo5b2V9X4O\nTaAPC6/xmyzcbuvGrPtAYnunUEa1WKchnSiR47pkEVk8hHI2inQUhhNzFB0i6Z2b\nYQzLCbh4cE5WDYtgOfHt3h2UShgWKeemme62TWYMiXkAKWsauZOZF04vZOr+DBL6\np0u3gTqtjQ9a49FN2cmY/ajDFqfUakXU0TxBfYpobHomM0tw7EF5kLS4Cy4lv8YD\nB9dBSe1jMUru+RuXJ0fY77LvOL94OhuMx5SS/94PcLodM88Jy1r3+8tJZLHwXdHK\nSCH2BKWDZI/YWigfwT3I6jpATnRYX9zKlO4/RCgLLrrwRaaAI8ksZV+XhxWzgEHR\nduGLpO1tv3qMAlQEakGejxRSU0SWKGLUuMfcUcubPui+J0rzN6vljZeB8kTlExq+\nl1T4CSC8C1Bhp++ZvF68BWlRHezhdauRjTLmtPJ51h3Em4fw2szTiPxPIeajFjkR\nLQKb/a5ySFge0rt2PYDRoEzkZp1aTAC6e9z+f/dIOxHp+8WT1WOgwSuR42q4ZHI8\nO1pgSwSD41gPCcbgEEiFpnYgtXv25vnQdkmB/Z5ec5XQVMbKo17L/kKz/hlIpWjl\n9L/gk8EeQQrvIibOs0xKAIcuNMm2BDZOlMI/zCjTh/r/2JfCQi7OwNGmawEOrkfU\nv36rFcpkxJxWj5S6h0Upfd0CAwEAAQ==\n-----END PUBLIC KEY-----\n",
            "rsa_bits": 4096
          },
          "sensitive_attributes": [
            [
              {
                "type": "get_attr",
                "value": "private_key_openssh"
              }
            ],
            [
              {
                "type": "get_attr",
                "value": "private_key_pem"
              }
            ],
            [
              {
                "type": "get_attr",
                "value": "private_key_pem_pkcs8"
              }
            ]
          ],
          "identity_schema_version": 0
        }
      ]
    }
  ],
  "check_results": null
}
